<?xml version="1.0" encoding="utf-8"?>
<Project ToolsVersion="4.0" xmlns="http://schemas.microsoft.com/developer/msbuild/2003">
  <ItemGroup>
    <Filter Include="Source Files">
      <UniqueIdentifier>{4FC737F1-C7A5-4376-A066-2A32D752A2FF}</UniqueIdentifier>
      <Extensions>cpp;c;cxx;def;odl;idl;hpj;bat;asm;asmx</Extensions>
    </Filter>
    <Filter Include="Header Files">
      <UniqueIdentifier>{93995380-89BD-4b04-88EB-625FBE52EBFB}</UniqueIdentifier>
      <Extensions>h;hpp;hxx;hm;inl;inc;xsd</Extensions>
    </Filter>
    <Filter Include="Generated Files">
      <UniqueIdentifier>{71ED8ED8-ACB9-4CE9-BBE1-E00B30144E11}</UniqueIdentifier>
      <Extensions>cpp;c;cxx;moc;h;def;odl;idl;res;</Extensions>
    </Filter>
    <Filter Include="Generated Files\Debug">
      <UniqueIdentifier>{62b1d19c-daa3-4dc5-86bd-d985e48bff2b}</UniqueIdentifier>
      <Extensions>cpp;moc</Extensions>
      <SourceControlFiles>False</SourceControlFiles>
    </Filter>
    <Filter Include="Generated Files\Release">
      <UniqueIdentifier>{edcf6ca2-748a-4393-9266-80c8c71a093c}</UniqueIdentifier>
      <Extensions>cpp;moc</Extensions>
      <SourceControlFiles>False</SourceControlFiles>
    </Filter>
    <Filter Include="Generated Files\Template">
      <UniqueIdentifier>{21dde554-4274-48c2-a709-4693726add99}</UniqueIdentifier>
      <Extensions>cpp;moc</Extensions>
      <SourceControlFiles>False</SourceControlFiles>
    </Filter>
  </ItemGroup>
  <ItemGroup>
    <ClCompile Include="qt\main.cpp">
      <Filter>Source Files</Filter>
    </ClCompile>
    <ClCompile Include="engine\sc_action.cpp">
      <Filter>Source Files</Filter>
    </ClCompile>
    <ClCompile Include="engine\sc_action_state.cpp">
      <Filter>Source Files</Filter>
    </ClCompile>
    <ClCompile Include="engine\sc_attack.cpp">
      <Filter>Source Files</Filter>
    </ClCompile>
    <ClCompile Include="engine\interfaces\sc_bcp_api.cpp">
      <Filter>Source Files</Filter>
    </ClCompile>
    <ClCompile Include="engine\sc_buff.cpp">
      <Filter>Source Files</Filter>
    </ClCompile>
    <ClCompile Include="engine\interfaces\sc_chardev.cpp">
      <Filter>Source Files</Filter>
    </ClCompile>
    <ClCompile Include="engine\report\sc_chart.cpp">
      <Filter>Source Files</Filter>
    </ClCompile>
    <ClCompile Include="engine\dbc\sc_const_data.cpp">
      <Filter>Source Files</Filter>
    </ClCompile>
    <ClCompile Include="engine\sc_consumable.cpp">
      <Filter>Source Files</Filter>
    </ClCompile>
    <ClCompile Include="engine\sc_cooldown.cpp">
      <Filter>Source Files</Filter>
    </ClCompile>
    <ClCompile Include="engine\dbc\sc_data.cpp">
      <Filter>Source Files</Filter>
    </ClCompile>
    <ClCompile Include="engine\class_modules\sc_death_knight.cpp">
      <Filter>Source Files</Filter>
    </ClCompile>
    <ClCompile Include="engine\sc_dot.cpp">
      <Filter>Source Files</Filter>
    </ClCompile>
    <ClCompile Include="engine\class_modules\sc_druid.cpp">
      <Filter>Source Files</Filter>
    </ClCompile>
    <ClCompile Include="engine\sc_enchant.cpp">
      <Filter>Source Files</Filter>
    </ClCompile>
    <ClCompile Include="engine\sc_event.cpp">
      <Filter>Source Files</Filter>
    </ClCompile>
    <ClCompile Include="engine\sc_expressions.cpp">
      <Filter>Source Files</Filter>
    </ClCompile>
    <ClCompile Include="engine\sc_gear_stats.cpp">
      <Filter>Source Files</Filter>
    </ClCompile>
    <ClCompile Include="engine\sc_heal.cpp">
      <Filter>Source Files</Filter>
    </ClCompile>
    <ClCompile Include="engine\interfaces\sc_http.cpp">
      <Filter>Source Files</Filter>
    </ClCompile>
    <ClCompile Include="engine\class_modules\sc_hunter.cpp">
      <Filter>Source Files</Filter>
    </ClCompile>
    <ClCompile Include="engine\sc_item.cpp">
      <Filter>Source Files</Filter>
    </ClCompile>
    <ClCompile Include="engine\dbc\sc_item_data.cpp">
      <Filter>Source Files</Filter>
    </ClCompile>
    <ClCompile Include="engine\interfaces\sc_js.cpp">
      <Filter>Source Files</Filter>
    </ClCompile>
    <ClCompile Include="engine\class_modules\sc_mage.cpp">
      <Filter>Source Files</Filter>
    </ClCompile>
    <ClCompile Include="engine\interfaces\sc_mmo_champion.cpp">
      <Filter>Source Files</Filter>
    </ClCompile>
    <ClCompile Include="engine\class_modules\sc_monk.cpp">
      <Filter>Source Files</Filter>
    </ClCompile>
    <ClCompile Include="engine\sc_option.cpp">
      <Filter>Source Files</Filter>
    </ClCompile>
    <ClCompile Include="engine\class_modules\sc_paladin.cpp">
      <Filter>Source Files</Filter>
    </ClCompile>
    <ClCompile Include="engine\sc_pet.cpp">
      <Filter>Source Files</Filter>
    </ClCompile>
    <ClCompile Include="engine\sc_player.cpp">
      <Filter>Source Files</Filter>
    </ClCompile>
    <ClCompile Include="engine\sc_plot.cpp">
      <Filter>Source Files</Filter>
    </ClCompile>
    <ClCompile Include="engine\class_modules\sc_priest.cpp">
      <Filter>Source Files</Filter>
    </ClCompile>
    <ClCompile Include="engine\sc_raid_event.cpp">
      <Filter>Source Files</Filter>
    </ClCompile>
    <ClCompile Include="engine\sc_rating.cpp">
      <Filter>Source Files</Filter>
    </ClCompile>
    <ClCompile Include="engine\interfaces\sc_rawr.cpp">
      <Filter>Source Files</Filter>
    </ClCompile>
    <ClCompile Include="engine\sc_reforge_plot.cpp">
      <Filter>Source Files</Filter>
    </ClCompile>
    <ClCompile Include="engine\report\sc_report.cpp">
      <Filter>Source Files</Filter>
    </ClCompile>
    <ClCompile Include="engine\report\sc_report_html_player.cpp">
      <Filter>Source Files</Filter>
    </ClCompile>
    <ClCompile Include="engine\report\sc_report_html_sim.cpp">
      <Filter>Source Files</Filter>
    </ClCompile>
    <ClCompile Include="engine\report\sc_report_text.cpp">
      <Filter>Source Files</Filter>
    </ClCompile>
    <ClCompile Include="engine\report\sc_report_xml.cpp">
      <Filter>Source Files</Filter>
    </ClCompile>
    <ClCompile Include="engine\sc_rng.cpp">
      <Filter>Source Files</Filter>
    </ClCompile>
    <ClCompile Include="engine\class_modules\sc_rogue.cpp">
      <Filter>Source Files</Filter>
    </ClCompile>
    <ClCompile Include="engine\sc_scaling.cpp">
      <Filter>Source Files</Filter>
    </ClCompile>
    <ClCompile Include="engine\sc_sequence.cpp">
      <Filter>Source Files</Filter>
    </ClCompile>
    <ClCompile Include="engine\sc_set_bonus.cpp">
      <Filter>Source Files</Filter>
    </ClCompile>
    <ClCompile Include="engine\class_modules\sc_shaman.cpp">
      <Filter>Source Files</Filter>
    </ClCompile>
    <ClCompile Include="engine\sc_sim.cpp">
      <Filter>Source Files</Filter>
    </ClCompile>
    <ClCompile Include="engine\sc_spell_base.cpp">
      <Filter>Source Files</Filter>
    </ClCompile>
    <ClCompile Include="engine\sc_harmful_spell.cpp">
      <Filter>Source Files</Filter>
    </ClCompile>
    <ClCompile Include="engine\sc_absorb.cpp">
      <Filter>Source Files</Filter>
    </ClCompile>
    <ClCompile Include="engine\dbc\sc_spell_data.cpp">
      <Filter>Source Files</Filter>
    </ClCompile>
    <ClCompile Include="engine\dbc\sc_spell_info.cpp">
      <Filter>Source Files</Filter>
    </ClCompile>
    <ClCompile Include="engine\sc_stats.cpp">
      <Filter>Source Files</Filter>
    </ClCompile>
    <ClCompile Include="engine\class_modules\sc_enemy.cpp">
      <Filter>Source Files</Filter>
    </ClCompile>
    <ClCompile Include="engine\sc_thread.cpp">
      <Filter>Source Files</Filter>
    </ClCompile>
    <ClCompile Include="engine\sc_unique_gear.cpp">
      <Filter>Source Files</Filter>
    </ClCompile>
    <ClCompile Include="engine\sc_util.cpp">
      <Filter>Source Files</Filter>
    </ClCompile>
    <ClCompile Include="engine\class_modules\sc_warlock.cpp">
      <Filter>Source Files</Filter>
    </ClCompile>
    <ClCompile Include="engine\class_modules\sc_warrior.cpp">
      <Filter>Source Files</Filter>
    </ClCompile>
    <ClCompile Include="engine\sc_weapon.cpp">
      <Filter>Source Files</Filter>
    </ClCompile>
    <ClCompile Include="qt\sc_window.cpp">
      <Filter>Source Files</Filter>
    </ClCompile>
    <ClCompile Include="qt\sc_import.cpp">
      <Filter>Source Files</Filter>
    </ClCompile>
    <ClCompile Include="engine\interfaces\sc_wowhead.cpp">
      <Filter>Source Files</Filter>
    </ClCompile>
    <ClCompile Include="engine\interfaces\sc_xml.cpp">
      <Filter>Source Files</Filter>
    </ClCompile>
    <ClCompile Include="debug\moc_simulationcraftqt.cpp">
      <Filter>Generated Files</Filter>
    </ClCompile>
    <ClCompile Include="release\moc_simulationcraftqt.cpp">
      <Filter>Generated Files</Filter>
    </ClCompile>
    <ClCompile Include="qt\simcpaperdoll.cc">
      <Filter>Source Files</Filter>
    </ClCompile>
    <ClCompile Include="Debug\moc_simcpaperdoll.cpp">
      <Filter>Generated Files\Debug</Filter>
    </ClCompile>
    <ClCompile Include="Release\moc_simcpaperdoll.cpp">
      <Filter>Generated Files\Release</Filter>
    </ClCompile>
    <ClCompile Include="Template\moc_simcpaperdoll.cpp">
      <Filter>Generated Files\Template</Filter>
    </ClCompile>
  </ItemGroup>
  <ItemGroup>
    <None Include="engine\dbc\data_definitions.hh">
      <Filter>Header Files</Filter>
    </None>
    <None Include="engine\dbc\data_enums.hh">
      <Filter>Header Files</Filter>
    </None>
  </ItemGroup>
  <ItemGroup>
    <ClInclude Include="engine\utf8\checked.h">
      <Filter>Header Files</Filter>
    </ClInclude>
    <ClInclude Include="engine\utf8\core.h">
      <Filter>Header Files</Filter>
    </ClInclude>
    <ClInclude Include="engine\report\sc_report.hpp">
      <Filter>Header Files</Filter>
    </ClInclude>
    <ClInclude Include="engine\dbc\specialization.hpp">
      <Filter>Header Files</Filter>
    </ClInclude>
    <ClInclude Include="engine\sc_generic.hpp">
      <Filter>Header Files</Filter>
    </ClInclude>
    <ClCompile Include="engine\sc_sample_data.hpp">
      <Filter>Header Files</Filter>
    </ClCompile>
    <ClInclude Include="engine\sc_timespan.hpp">
      <Filter>Header Files</Filter>
    </ClInclude>
    <ClInclude Include="engine\utf8\unchecked.h">
      <Filter>Header Files</Filter>
    </ClInclude>
  </ItemGroup>
  <ItemGroup>
    <ResourceCompile Include="simcqt.rc" />
  </ItemGroup>
  <ItemGroup>
    <CustomBuild Include="engine\dbc\sc_extra_data.inc">
      <Filter>Source Files</Filter>
    </CustomBuild>
    <CustomBuild Include="engine\dbc\sc_extra_data_ptr.inc">
      <Filter>Source Files</Filter>
    </CustomBuild>
    <CustomBuild Include="engine\dbc\sc_item_data.inc">
      <Filter>Source Files</Filter>
    </CustomBuild>
    <CustomBuild Include="engine\dbc\sc_item_data_ptr.inc">
      <Filter>Source Files</Filter>
    </CustomBuild>
    <CustomBuild Include="engine\dbc\sc_scale_data.inc">
      <Filter>Source Files</Filter>
    </CustomBuild>
    <CustomBuild Include="engine\dbc\sc_scale_data_ptr.inc">
      <Filter>Source Files</Filter>
    </CustomBuild>
    <CustomBuild Include="engine\dbc\sc_spec_list.inc">
      <Filter>Source Files</Filter>
    </CustomBuild>
    <CustomBuild Include="engine\dbc\sc_spell_data.inc">
      <Filter>Source Files</Filter>
    </CustomBuild>
    <CustomBuild Include="engine\dbc\sc_spell_data_ptr.inc">
      <Filter>Source Files</Filter>
    </CustomBuild>
    <CustomBuild Include="engine\dbc\sc_spell_lists.inc">
      <Filter>Source Files</Filter>
    </CustomBuild>
    <CustomBuild Include="engine\dbc\sc_spell_lists_ptr.inc">
      <Filter>Source Files</Filter>
    </CustomBuild>
    <CustomBuild Include="engine\dbc\sc_talent_data.inc">
      <Filter>Source Files</Filter>
    </CustomBuild>
    <CustomBuild Include="engine\dbc\sc_talent_data_ptr.inc">
      <Filter>Source Files</Filter>
    </CustomBuild>
    <CustomBuild Include="qt\sc_autoupdate.h">
      <Filter>Header Files</Filter>
    </CustomBuild>
    <CustomBuild Include="engine\simulationcraft.hpp">
      <Filter>Header Files</Filter>
    </CustomBuild>
    <CustomBuild Include="qt\simulationcraftqt.hpp">
      <Filter>Header Files</Filter>
    </CustomBuild>
    <CustomBuild Include="debug\simcqt.res">
      <Filter>Generated Files</Filter>
    </CustomBuild>
    <CustomBuild Include="release\simcqt.res">
      <Filter>Generated Files</Filter>
    </CustomBuild>
    <CustomBuild Include="qt\simcpaperdoll.hpp">
      <Filter>Header Files</Filter>
    </CustomBuild>
  </ItemGroup>
</Project>