
Microsoft Visual Studio Solution File, Format Version 11.00
# Visual C++ Express 2010
Project("{8BC9CEB8-8B4A-11D0-8D11-00A0C91BC942}") = "simc10", "vs\simc_vs2010.vcxproj", "{D963926C-4A85-4600-8626-51FA12FDF5C1}"
EndProject
Project("{8BC9CEB8-8B4A-11D0-8D11-00A0C91BC942}") = "simcqt10", "vs\simcqt_vs2010.vcxproj", "{8B5B7EB0-9B3B-3682-B018-64769C525784}"
EndProject
Global
	GlobalSection(SolutionConfigurationPlatforms) = preSolution
		Debug|Win32 = Debug|Win32
		Debug|x64 = Debug|x64
		Release|Win32 = Release|Win32
		Release|x64 = Release|x64
	EndGlobalSection
	GlobalSection(ProjectConfigurationPlatforms) = postSolution
		{D963926C-4A85-4600-8626-51FA12FDF5C1}.Debug|Win32.ActiveCfg = Debug|Win32
		{D963926C-4A85-4600-8626-51FA12FDF5C1}.Debug|Win32.Build.0 = Debug|Win32
		{D963926C-4A85-4600-8626-51FA12FDF5C1}.Debug|x64.ActiveCfg = Debug|x64
		{D963926C-4A85-4600-8626-51FA12FDF5C1}.Debug|x64.Build.0 = Debug|x64
		{D963926C-4A85-4600-8626-51FA12FDF5C1}.Release|Win32.ActiveCfg = Release|Win32
		{D963926C-4A85-4600-8626-51FA12FDF5C1}.Release|Win32.Build.0 = Release|Win32
		{D963926C-4A85-4600-8626-51FA12FDF5C1}.Release|x64.ActiveCfg = Release|x64
		{D963926C-4A85-4600-8626-51FA12FDF5C1}.Release|x64.Build.0 = Release|x64
		{8B5B7EB0-9B3B-3682-B018-64769C525784}.Debug|Win32.ActiveCfg = Debug|Win32
		{8B5B7EB0-9B3B-3682-B018-64769C525784}.Debug|Win32.Build.0 = Debug|Win32
		{8B5B7EB0-9B3B-3682-B018-64769C525784}.Debug|x64.ActiveCfg = Debug|Win32
		{8B5B7EB0-9B3B-3682-B018-64769C525784}.Release|Win32.ActiveCfg = Release|Win32
		{8B5B7EB0-9B3B-3682-B018-64769C525784}.Release|Win32.Build.0 = Release|Win32
		{8B5B7EB0-9B3B-3682-B018-64769C525784}.Release|x64.ActiveCfg = Release|Win32
	EndGlobalSection
	GlobalSection(SolutionProperties) = preSolution
		HideSolutionNode = FALSE
	EndGlobalSection
EndGlobal
