<?xml version="1.0" encoding="utf-8"?>
<Project ToolsVersion="4.0" xmlns="http://schemas.microsoft.com/developer/msbuild/2003">
  <ItemGroup>
    <ClCompile Include="engine\sc_action.cpp" />
    <ClCompile Include="engine\sc_armory.cpp" />
    <ClCompile Include="engine\sc_attack.cpp" />
    <ClCompile Include="engine\sc_buff.cpp" />
    <ClCompile Include="engine\sc_chart.cpp" />
    <ClCompile Include="engine\sc_const_data.cpp" />
    <ClCompile Include="engine\sc_consumable.cpp" />
    <ClCompile Include="engine\sc_data.cpp" />
    <ClCompile Include="engine\sc_death_knight.cpp" />
    <ClCompile Include="engine\sc_dot.cpp" />
    <ClCompile Include="engine\sc_druid.cpp" />
    <ClCompile Include="engine\sc_enchant.cpp" />
    <ClCompile Include="engine\sc_event.cpp" />
    <ClCompile Include="engine\sc_expressions.cpp" />
    <ClCompile Include="engine\sc_gear_stats.cpp" />
    <ClCompile Include="engine\sc_http.cpp" />
    <ClCompile Include="engine\sc_hunter.cpp" />
    <ClCompile Include="engine\sc_item.cpp" />
    <ClCompile Include="engine\sc_js.cpp" />
    <ClCompile Include="engine\sc_log.cpp" />
    <ClCompile Include="engine\sc_mage.cpp" />
    <ClCompile Include="engine\sc_main.cpp" />
    <ClCompile Include="engine\sc_mmo_champion.cpp" />
    <ClCompile Include="engine\sc_monk.cpp" />
    <ClCompile Include="engine\sc_option.cpp" />
    <ClCompile Include="engine\sc_paladin.cpp" />
    <ClCompile Include="engine\sc_pet.cpp" />
    <ClCompile Include="engine\sc_player.cpp" />
    <ClCompile Include="engine\sc_plot.cpp" />
    <ClCompile Include="engine\sc_priest.cpp" />
    <ClCompile Include="engine\sc_raid_event.cpp" />
    <ClCompile Include="engine\sc_rating.cpp" />
    <ClCompile Include="engine\sc_rawr.cpp" />
    <ClCompile Include="engine\sc_report.cpp" />
    <ClCompile Include="engine\sc_rng.cpp" />
    <ClCompile Include="engine\sc_rogue.cpp" />
    <ClCompile Include="engine\sc_sample_data.cpp" />
    <ClCompile Include="engine\sc_scaling.cpp" />
    <ClCompile Include="engine\sc_sequence.cpp" />
    <ClCompile Include="engine\sc_set_bonus.cpp" />
    <ClCompile Include="engine\sc_shaman.cpp" />
    <ClCompile Include="engine\sc_sim.cpp" />
    <ClCompile Include="engine\sc_spell.cpp" />
    <ClCompile Include="engine\sc_stats.cpp" />
    <ClCompile Include="engine\sc_talent.cpp" />
    <ClCompile Include="engine\sc_target.cpp" />
    <ClCompile Include="engine\sc_thread.cpp" />
    <ClCompile Include="engine\sc_unique_gear.cpp" />
    <ClCompile Include="engine\sc_util.cpp" />
    <ClCompile Include="engine\sc_warlock.cpp" />
    <ClCompile Include="engine\sc_warrior.cpp" />
    <ClCompile Include="engine\sc_weapon.cpp" />
    <ClCompile Include="engine\sc_wowhead.cpp" />
    <ClCompile Include="engine\sc_xml.cpp" />
    <ClCompile Include="engine\sc_spell_data.cpp" />
    <ClCompile Include="engine\sc_spell_info.cpp" />
    <ClCompile Include="engine\sc_battle_net.cpp" />
    <ClCompile Include="engine\sc_chardev.cpp" />
    <ClCompile Include="engine\sc_heal.cpp" />
    <ClCompile Include="engine\sc_item_data.cpp" />
    <ClCompile Include="engine\sc_reforge_plot.cpp" />
    <ClCompile Include="engine\sc_bcp_api.cpp" />
    <ClCompile Include="engine\sc_report_xml.cpp" />
    <ClCompile Include="engine\sc_report_html_player.cpp" />
    <ClCompile Include="engine\sc_report_text.cpp" />
    <ClCompile Include="engine\sc_report_html_sim.cpp" />
    <ClCompile Include="engine\sc_timespan.cpp" />
  </ItemGroup>
  <ItemGroup>
    <ClInclude Include="engine\simulationcraft.h" />
  </ItemGroup>
  <ItemGroup>
    <None Include="engine\data_definitions.hh" />
    <None Include="engine\sc_extra_data.inc">
      <Filter>Data Files</Filter>
    </None>
    <None Include="engine\sc_extra_data_ptr.inc">
      <Filter>Data Files</Filter>
    </None>
    <None Include="engine\sc_scale_data.inc">
      <Filter>Data Files</Filter>
    </None>
    <None Include="engine\sc_spell_data_ptr.inc">
      <Filter>Data Files</Filter>
    </None>
    <None Include="engine\sc_scale_data_ptr.inc">
      <Filter>Data Files</Filter>
    </None>
    <None Include="engine\sc_spell_data.inc">
      <Filter>Data Files</Filter>
    </None>
    <None Include="engine\sc_talent_data.inc">
      <Filter>Data Files</Filter>
    </None>
    <None Include="engine\sc_talent_data_ptr.inc">
      <Filter>Data Files</Filter>
    </None>
    <None Include="engine\sc_spell_lists.inc">
      <Filter>Data Files</Filter>
    </None>
    <None Include="engine\sc_spell_lists_ptr.inc">
      <Filter>Data Files</Filter>
    </None>
    <None Include="engine\data_enums.hh" />
    <None Include="engine\utf8.h" />
    <None Include="engine\utf8\core.h">
      <Filter>utf8</Filter>
    </None>
    <None Include="engine\utf8\checked.h">
      <Filter>utf8</Filter>
    </None>
    <None Include="engine\utf8\unchecked.h">
      <Filter>utf8</Filter>
    </None>
    <None Include="engine\sc_item_data.inc" />
    <None Include="engine\sc_item_data_ptr.inc" />
    <None Include="engine\xs_float\xs_Float.h" />
  </ItemGroup>
  <ItemGroup>
    <Filter Include="Data Files">
      <UniqueIdentifier>{342108d4-6ee8-45eb-9202-53facfe3ea9a}</UniqueIdentifier>
    </Filter>
    <Filter Include="utf8">
      <UniqueIdentifier>{3222852b-0c45-4154-b5b9-05232007bb46}</UniqueIdentifier>
    </Filter>
  </ItemGroup>
</Project>