<?xml version="1.0" encoding="utf-8"?>
<Project ToolsVersion="4.0" xmlns="http://schemas.microsoft.com/developer/msbuild/2003">
  <ItemGroup>
    <Filter Include="Source Files">
      <UniqueIdentifier>{4FC737F1-C7A5-4376-A066-2A32D752A2FF}</UniqueIdentifier>
      <Extensions>cpp;c;cxx;def;odl;idl;hpj;bat;asm;asmx</Extensions>
    </Filter>
    <Filter Include="Header Files">
      <UniqueIdentifier>{93995380-89BD-4b04-88EB-625FBE52EBFB}</UniqueIdentifier>
      <Extensions>h;hpp;hxx;hm;inl;inc;xsd</Extensions>
    </Filter>
    <Filter Include="Generated Files">
      <UniqueIdentifier>{71ED8ED8-ACB9-4CE9-BBE1-E00B30144E11}</UniqueIdentifier>
      <Extensions>cpp;c;cxx;moc;h;def;odl;idl;res;</Extensions>
    </Filter>
  </ItemGroup>
  <ItemGroup>
    <ClCompile Include="qt\main.cpp">
      <Filter>Source Files</Filter>
    </ClCompile>
    <ClCompile Include="engine\sc_action.cpp">
      <Filter>Source Files</Filter>
    </ClCompile>
    <ClCompile Include="engine\sc_armory.cpp">
      <Filter>Source Files</Filter>
    </ClCompile>
    <ClCompile Include="engine\sc_attack.cpp">
      <Filter>Source Files</Filter>
    </ClCompile>
    <ClCompile Include="engine\sc_battle_net.cpp">
      <Filter>Source Files</Filter>
    </ClCompile>
    <ClCompile Include="engine\sc_buff.cpp">
      <Filter>Source Files</Filter>
    </ClCompile>
    <ClCompile Include="engine\sc_chardev.cpp">
      <Filter>Source Files</Filter>
    </ClCompile>
    <ClCompile Include="engine\sc_chart.cpp">
      <Filter>Source Files</Filter>
    </ClCompile>
    <ClCompile Include="engine\sc_const_data.cpp">
      <Filter>Source Files</Filter>
    </ClCompile>
    <ClCompile Include="engine\sc_consumable.cpp">
      <Filter>Source Files</Filter>
    </ClCompile>
    <ClCompile Include="engine\sc_data.cpp">
      <Filter>Source Files</Filter>
    </ClCompile>
    <ClCompile Include="engine\sc_death_knight.cpp">
      <Filter>Source Files</Filter>
    </ClCompile>
    <ClCompile Include="engine\sc_druid.cpp">
      <Filter>Source Files</Filter>
    </ClCompile>
    <ClCompile Include="engine\sc_enchant.cpp">
      <Filter>Source Files</Filter>
    </ClCompile>
    <ClCompile Include="engine\sc_event.cpp">
      <Filter>Source Files</Filter>
    </ClCompile>
    <ClCompile Include="engine\sc_expressions.cpp">
      <Filter>Source Files</Filter>
    </ClCompile>
    <ClCompile Include="engine\sc_gear_stats.cpp">
      <Filter>Source Files</Filter>
    </ClCompile>
    <ClCompile Include="engine\sc_heal.cpp">
      <Filter>Source Files</Filter>
    </ClCompile>
    <ClCompile Include="engine\sc_http.cpp">
      <Filter>Source Files</Filter>
    </ClCompile>
    <ClCompile Include="engine\sc_hunter.cpp">
      <Filter>Source Files</Filter>
    </ClCompile>
    <ClCompile Include="engine\sc_item.cpp">
      <Filter>Source Files</Filter>
    </ClCompile>
    <ClCompile Include="engine\sc_item_data.cpp">
      <Filter>Source Files</Filter>
    </ClCompile>
    <ClCompile Include="engine\sc_js.cpp">
      <Filter>Source Files</Filter>
    </ClCompile>
    <ClCompile Include="engine\sc_log.cpp">
      <Filter>Source Files</Filter>
    </ClCompile>
    <ClCompile Include="engine\sc_mage.cpp">
      <Filter>Source Files</Filter>
    </ClCompile>
    <ClCompile Include="engine\sc_mmo_champion.cpp">
      <Filter>Source Files</Filter>
    </ClCompile>
    <ClCompile Include="engine\sc_option.cpp">
      <Filter>Source Files</Filter>
    </ClCompile>
    <ClCompile Include="engine\sc_paladin.cpp">
      <Filter>Source Files</Filter>
    </ClCompile>
    <ClCompile Include="engine\sc_pet.cpp">
      <Filter>Source Files</Filter>
    </ClCompile>
    <ClCompile Include="engine\sc_player.cpp">
      <Filter>Source Files</Filter>
    </ClCompile>
    <ClCompile Include="engine\sc_plot.cpp">
      <Filter>Source Files</Filter>
    </ClCompile>
    <ClCompile Include="engine\sc_priest.cpp">
      <Filter>Source Files</Filter>
    </ClCompile>
    <ClCompile Include="engine\sc_raid_event.cpp">
      <Filter>Source Files</Filter>
    </ClCompile>
    <ClCompile Include="engine\sc_rating.cpp">
      <Filter>Source Files</Filter>
    </ClCompile>
    <ClCompile Include="engine\sc_rawr.cpp">
      <Filter>Source Files</Filter>
    </ClCompile>
    <ClCompile Include="engine\sc_reforge_plot.cpp">
      <Filter>Source Files</Filter>
    </ClCompile>
    <ClCompile Include="engine\sc_report.cpp">
      <Filter>Source Files</Filter>
    </ClCompile>
    <ClCompile Include="engine\sc_rng.cpp">
      <Filter>Source Files</Filter>
    </ClCompile>
    <ClCompile Include="engine\sc_rogue.cpp">
      <Filter>Source Files</Filter>
    </ClCompile>
    <ClCompile Include="engine\sc_scaling.cpp">
      <Filter>Source Files</Filter>
    </ClCompile>
    <ClCompile Include="engine\sc_sequence.cpp">
      <Filter>Source Files</Filter>
    </ClCompile>
    <ClCompile Include="engine\sc_set_bonus.cpp">
      <Filter>Source Files</Filter>
    </ClCompile>
    <ClCompile Include="engine\sc_shaman.cpp">
      <Filter>Source Files</Filter>
    </ClCompile>
    <ClCompile Include="engine\sc_sim.cpp">
      <Filter>Source Files</Filter>
    </ClCompile>
    <ClCompile Include="engine\sc_spell.cpp">
      <Filter>Source Files</Filter>
    </ClCompile>
    <ClCompile Include="engine\sc_spell_data.cpp">
      <Filter>Source Files</Filter>
    </ClCompile>
    <ClCompile Include="engine\sc_spell_info.cpp">
      <Filter>Source Files</Filter>
    </ClCompile>
    <ClCompile Include="engine\sc_stats.cpp">
      <Filter>Source Files</Filter>
    </ClCompile>
    <ClCompile Include="engine\sc_talent.cpp">
      <Filter>Source Files</Filter>
    </ClCompile>
    <ClCompile Include="engine\sc_target.cpp">
      <Filter>Source Files</Filter>
    </ClCompile>
    <ClCompile Include="engine\sc_thread.cpp">
      <Filter>Source Files</Filter>
    </ClCompile>
    <ClCompile Include="engine\sc_unique_gear.cpp">
      <Filter>Source Files</Filter>
    </ClCompile>
    <ClCompile Include="engine\sc_util.cpp">
      <Filter>Source Files</Filter>
    </ClCompile>
    <ClCompile Include="engine\sc_warlock.cpp">
      <Filter>Source Files</Filter>
    </ClCompile>
    <ClCompile Include="engine\sc_warrior.cpp">
      <Filter>Source Files</Filter>
    </ClCompile>
    <ClCompile Include="engine\sc_weapon.cpp">
      <Filter>Source Files</Filter>
    </ClCompile>
    <ClCompile Include="qt\sc_window.cpp">
      <Filter>Source Files</Filter>
    </ClCompile>
    <ClCompile Include="engine\sc_wowhead.cpp">
      <Filter>Source Files</Filter>
    </ClCompile>
    <ClCompile Include="engine\sc_xml.cpp">
      <Filter>Source Files</Filter>
    </ClCompile>
    <ClCompile Include="release\moc_simulationcraftqt.cpp">
      <Filter>Generated Files</Filter>
    </ClCompile>
    <ClCompile Include="debug\moc_simulationcraftqt.cpp">
      <Filter>Generated Files</Filter>
    </ClCompile>
    <ClCompile Include="engine\sc_bcp_api.cpp">
      <Filter>Source Files</Filter>
    </ClCompile>
    <ClCompile Include="engine\sc_dot.cpp">
      <Filter>Source Files</Filter>
    </ClCompile>
    <ClCompile Include="engine\sc_report_html_player.cpp">
      <Filter>Source Files</Filter>
    </ClCompile>
    <ClCompile Include="engine\sc_report_html_sim.cpp">
      <Filter>Source Files</Filter>
    </ClCompile>
    <ClCompile Include="engine\sc_report_text.cpp">
      <Filter>Source Files</Filter>
    </ClCompile>
    <ClCompile Include="engine\sc_report_xml.cpp">
      <Filter>Source Files</Filter>
    </ClCompile>
    <ClCompile Include="engine\sc_sample_data.cpp">
      <Filter>Source Files</Filter>
    </ClCompile>
    <ClCompile Include="engine\sc_monk.cpp">
      <Filter>Source Files</Filter>
    </ClCompile>
  </ItemGroup>
  <ItemGroup>
    <None Include="engine\sc_extra_data.inc">
      <Filter>Source Files</Filter>
    </None>
    <None Include="engine\sc_extra_data_ptr.inc">
      <Filter>Source Files</Filter>
    </None>
    <None Include="engine\sc_item_data.inc">
      <Filter>Source Files</Filter>
    </None>
    <None Include="engine\sc_item_data_ptr.inc">
      <Filter>Source Files</Filter>
    </None>
    <None Include="engine\sc_scale_data.inc">
      <Filter>Source Files</Filter>
    </None>
    <None Include="engine\sc_scale_data_ptr.inc">
      <Filter>Source Files</Filter>
    </None>
    <None Include="engine\sc_spell_data.inc">
      <Filter>Source Files</Filter>
    </None>
    <None Include="engine\sc_spell_data_ptr.inc">
      <Filter>Source Files</Filter>
    </None>
    <None Include="engine\sc_spell_lists.inc">
      <Filter>Source Files</Filter>
    </None>
    <None Include="engine\sc_spell_lists_ptr.inc">
      <Filter>Source Files</Filter>
    </None>
    <None Include="engine\sc_talent_data.inc">
      <Filter>Source Files</Filter>
    </None>
    <None Include="engine\sc_talent_data_ptr.inc">
      <Filter>Source Files</Filter>
    </None>
  </ItemGroup>
  <ItemGroup>
    <ClInclude Include="qt\sc_autoupdate.h">
      <Filter>Header Files</Filter>
    </ClInclude>
    <ClInclude Include="engine\simulationcraft.h">
      <Filter>Header Files</Filter>
    </ClInclude>
  </ItemGroup>
  <ItemGroup>
    <ResourceCompile Include="simcqt.rc" />
  </ItemGroup>
  <ItemGroup>
    <CustomBuildStep Include="release\simcqt.res">
      <Filter>Generated Files</Filter>
    </CustomBuildStep>
    <CustomBuildStep Include="debug\simcqt.res">
      <Filter>Generated Files</Filter>
    </CustomBuildStep>
  </ItemGroup>
  <ItemGroup>
    <CustomBuild Include="qt\simulationcraftqt.h">
      <Filter>Header Files</Filter>
    </CustomBuild>
  </ItemGroup>
</Project>