// !$*UTF8*$!
{
	archiveVersion = 1;
	classes = {
	};
	objectVersion = 46;
	objects = {

/* Begin PBXAggregateTarget section */
		444CCF8C107DCCCD00229DD2 /* Bundle for Deployment */ = {
			isa = PBXAggregateTarget;
			buildConfigurationList = 444CCF93107DCD1D00229DD2 /* Build configuration list for PBXAggregateTarget "Bundle for Deployment" */;
			buildPhases = (
				444CCF8B107DCCCD00229DD2 /* ShellScript */,
			);
			dependencies = (
				444CCF90107DCCD300229DD2 /* PBXTargetDependency */,
			);
			name = "Bundle for Deployment";
			productName = "Bundle Qt for Deployment";
		};
/* End PBXAggregateTarget section */

/* Begin PBXBuildFile section */
		4438981C107BB7CC00462773 /* simcqt.app in CopyFiles */ = {isa = PBXBuildFile; fileRef = 4438981B107BB7C700462773 /* simcqt.app */; };
		44987E3D109CABA00052D6BE /* sc_plot.cpp in Sources */ = {isa = PBXBuildFile; fileRef = 44987E3C109CABA00052D6BE /* sc_plot.cpp */; };
		44C7A51C106D4BA300A2271C /* sc_action.cpp in Sources */ = {isa = PBXBuildFile; fileRef = 44E3D1B910545A7500677DEB /* sc_action.cpp */; };
		44C7A51D106D4BA300A2271C /* sc_armory.cpp in Sources */ = {isa = PBXBuildFile; fileRef = 44E3D1BA10545A7500677DEB /* sc_armory.cpp */; };
		44C7A51E106D4BA300A2271C /* sc_attack.cpp in Sources */ = {isa = PBXBuildFile; fileRef = 44E3D1BB10545A7500677DEB /* sc_attack.cpp */; };
		44C7A51F106D4BA300A2271C /* sc_buff.cpp in Sources */ = {isa = PBXBuildFile; fileRef = 44E3D1BC10545A7500677DEB /* sc_buff.cpp */; };
		44C7A520106D4BA300A2271C /* sc_chart.cpp in Sources */ = {isa = PBXBuildFile; fileRef = 44E3D1BD10545A7500677DEB /* sc_chart.cpp */; };
		44C7A521106D4BA300A2271C /* sc_consumable.cpp in Sources */ = {isa = PBXBuildFile; fileRef = 44E3D1BE10545A7500677DEB /* sc_consumable.cpp */; };
		44C7A522106D4BA300A2271C /* sc_death_knight.cpp in Sources */ = {isa = PBXBuildFile; fileRef = 44E3D1BF10545A7500677DEB /* sc_death_knight.cpp */; };
		44C7A523106D4BA300A2271C /* sc_druid.cpp in Sources */ = {isa = PBXBuildFile; fileRef = 44E3D1C010545A7500677DEB /* sc_druid.cpp */; };
		44C7A524106D4BA300A2271C /* sc_enchant.cpp in Sources */ = {isa = PBXBuildFile; fileRef = 44E3D1C110545A7500677DEB /* sc_enchant.cpp */; };
		44C7A525106D4BA300A2271C /* sc_event.cpp in Sources */ = {isa = PBXBuildFile; fileRef = 44E3D1C210545A7500677DEB /* sc_event.cpp */; };
		44C7A526106D4BA300A2271C /* sc_expressions.cpp in Sources */ = {isa = PBXBuildFile; fileRef = 44E3D1C310545A7500677DEB /* sc_expressions.cpp */; };
		44C7A527106D4BA300A2271C /* sc_gear_stats.cpp in Sources */ = {isa = PBXBuildFile; fileRef = 44E3D1C410545A7500677DEB /* sc_gear_stats.cpp */; };
		44C7A528106D4BA300A2271C /* sc_http.cpp in Sources */ = {isa = PBXBuildFile; fileRef = 44E3D1C510545A7500677DEB /* sc_http.cpp */; };
		44C7A529106D4BA300A2271C /* sc_hunter.cpp in Sources */ = {isa = PBXBuildFile; fileRef = 44E3D1C610545A7500677DEB /* sc_hunter.cpp */; };
		44C7A52A106D4BA300A2271C /* sc_item.cpp in Sources */ = {isa = PBXBuildFile; fileRef = 44E3D1C710545A7500677DEB /* sc_item.cpp */; };
		44C7A52B106D4BA300A2271C /* sc_js.cpp in Sources */ = {isa = PBXBuildFile; fileRef = 44E3D1C810545A7500677DEB /* sc_js.cpp */; };
		44C7A52C106D4BA300A2271C /* sc_log.cpp in Sources */ = {isa = PBXBuildFile; fileRef = 44E3D1C910545A7500677DEB /* sc_log.cpp */; };
		44C7A52D106D4BA300A2271C /* sc_mage.cpp in Sources */ = {isa = PBXBuildFile; fileRef = 44E3D1CA10545A7500677DEB /* sc_mage.cpp */; };
		44C7A52E106D4BA300A2271C /* sc_main.cpp in Sources */ = {isa = PBXBuildFile; fileRef = 44E3D1CB10545A7500677DEB /* sc_main.cpp */; };
		44C7A52F106D4BA300A2271C /* sc_mmo_champion.cpp in Sources */ = {isa = PBXBuildFile; fileRef = 44E3D1CC10545A7500677DEB /* sc_mmo_champion.cpp */; };
		44C7A530106D4BA300A2271C /* sc_option.cpp in Sources */ = {isa = PBXBuildFile; fileRef = 44E3D1CD10545A7500677DEB /* sc_option.cpp */; };
		44C7A531106D4BA300A2271C /* sc_paladin.cpp in Sources */ = {isa = PBXBuildFile; fileRef = 44E3D1CE10545A7500677DEB /* sc_paladin.cpp */; };
		44C7A532106D4BA300A2271C /* sc_pet.cpp in Sources */ = {isa = PBXBuildFile; fileRef = 44E3D1CF10545A7500677DEB /* sc_pet.cpp */; };
		44C7A533106D4BA300A2271C /* sc_player.cpp in Sources */ = {isa = PBXBuildFile; fileRef = 44E3D1D010545A7500677DEB /* sc_player.cpp */; };
		44C7A534106D4BA300A2271C /* sc_priest.cpp in Sources */ = {isa = PBXBuildFile; fileRef = 44E3D1D110545A7500677DEB /* sc_priest.cpp */; };
		44C7A535106D4BA300A2271C /* sc_raid_event.cpp in Sources */ = {isa = PBXBuildFile; fileRef = 44E3D1D210545A7500677DEB /* sc_raid_event.cpp */; };
		44C7A536106D4BA300A2271C /* sc_rating.cpp in Sources */ = {isa = PBXBuildFile; fileRef = 44E3D1D310545A7500677DEB /* sc_rating.cpp */; };
		44C7A537106D4BA300A2271C /* sc_rawr.cpp in Sources */ = {isa = PBXBuildFile; fileRef = 44E3D1D410545A7500677DEB /* sc_rawr.cpp */; };
		44C7A538106D4BA300A2271C /* sc_report.cpp in Sources */ = {isa = PBXBuildFile; fileRef = 44E3D1D510545A7500677DEB /* sc_report.cpp */; };
		44C7A539106D4BA300A2271C /* sc_rng.cpp in Sources */ = {isa = PBXBuildFile; fileRef = 44E3D1D610545A7500677DEB /* sc_rng.cpp */; };
		44C7A53A106D4BA300A2271C /* sc_rogue.cpp in Sources */ = {isa = PBXBuildFile; fileRef = 44E3D1D710545A7500677DEB /* sc_rogue.cpp */; };
		44C7A53B106D4BA300A2271C /* sc_scaling.cpp in Sources */ = {isa = PBXBuildFile; fileRef = 44E3D1D810545A7500677DEB /* sc_scaling.cpp */; };
		44C7A53C106D4BA300A2271C /* sc_sequence.cpp in Sources */ = {isa = PBXBuildFile; fileRef = 44E3D1D910545A7500677DEB /* sc_sequence.cpp */; };
		44C7A53D106D4BA300A2271C /* sc_set_bonus.cpp in Sources */ = {isa = PBXBuildFile; fileRef = 44E3D1DA10545A7500677DEB /* sc_set_bonus.cpp */; };
		44C7A53E106D4BA300A2271C /* sc_shaman.cpp in Sources */ = {isa = PBXBuildFile; fileRef = 44E3D1DB10545A7500677DEB /* sc_shaman.cpp */; };
		44C7A53F106D4BA300A2271C /* sc_sim.cpp in Sources */ = {isa = PBXBuildFile; fileRef = 44E3D1DC10545A7500677DEB /* sc_sim.cpp */; };
		44C7A540106D4BA300A2271C /* sc_spell.cpp in Sources */ = {isa = PBXBuildFile; fileRef = 44E3D1DD10545A7500677DEB /* sc_spell.cpp */; };
		44C7A541106D4BA300A2271C /* sc_stats.cpp in Sources */ = {isa = PBXBuildFile; fileRef = 44E3D1DE10545A7500677DEB /* sc_stats.cpp */; };
		44C7A542106D4BA300A2271C /* sc_target.cpp in Sources */ = {isa = PBXBuildFile; fileRef = 44E3D1DF10545A7500677DEB /* sc_target.cpp */; };
		44C7A543106D4BA300A2271C /* sc_thread.cpp in Sources */ = {isa = PBXBuildFile; fileRef = 44E3D1E010545A7500677DEB /* sc_thread.cpp */; };
		44C7A544106D4BA300A2271C /* sc_unique_gear.cpp in Sources */ = {isa = PBXBuildFile; fileRef = 44E3D1E110545A7500677DEB /* sc_unique_gear.cpp */; };
		44C7A545106D4BA300A2271C /* sc_util.cpp in Sources */ = {isa = PBXBuildFile; fileRef = 44E3D1E210545A7500677DEB /* sc_util.cpp */; };
		44C7A546106D4BA300A2271C /* sc_warlock.cpp in Sources */ = {isa = PBXBuildFile; fileRef = 44E3D1E310545A7500677DEB /* sc_warlock.cpp */; };
		44C7A547106D4BA300A2271C /* sc_warrior.cpp in Sources */ = {isa = PBXBuildFile; fileRef = 44E3D1E410545A7500677DEB /* sc_warrior.cpp */; };
		44C7A548106D4BA300A2271C /* sc_weapon.cpp in Sources */ = {isa = PBXBuildFile; fileRef = 44E3D1E510545A7500677DEB /* sc_weapon.cpp */; };
		44C7A549106D4BA300A2271C /* sc_wowhead.cpp in Sources */ = {isa = PBXBuildFile; fileRef = 44E3D1E610545A7500677DEB /* sc_wowhead.cpp */; };
		44C7A54A106D4BA300A2271C /* sc_xml.cpp in Sources */ = {isa = PBXBuildFile; fileRef = 44E3D1E710545A7500677DEB /* sc_xml.cpp */; };
		44CA3911107BAD5E00130224 /* libsimc.a in CopyFiles */ = {isa = PBXBuildFile; fileRef = 44C7A518106D4B7600A2271C /* libsimc.a */; };
		44CB0981105EA1D500E98270 /* simc in CopyFiles */ = {isa = PBXBuildFile; fileRef = 8DD76F6C0486A84900D96B5E /* simc */; };
		44F6B202107A84FF00763099 /* libsimc.a in Frameworks */ = {isa = PBXBuildFile; fileRef = 44C7A518106D4B7600A2271C /* libsimc.a */; };
		44F6B20F107A861700763099 /* sc_main.cpp in Sources */ = {isa = PBXBuildFile; fileRef = 44E3D1CB10545A7500677DEB /* sc_main.cpp */; };
/* End PBXBuildFile section */

/* Begin PBXContainerItemProxy section */
		442BD32B107A79F800AFCDF4 /* PBXContainerItemProxy */ = {
			isa = PBXContainerItemProxy;
			containerPortal = 08FB7793FE84155DC02AAC07 /* Project object */;
			proxyType = 1;
			remoteGlobalIDString = 44C7A517106D4B7600A2271C;
			remoteInfo = libsimc;
		};
		4438981D107BB7F900462773 /* PBXContainerItemProxy */ = {
			isa = PBXContainerItemProxy;
			containerPortal = 44C41689107BB68700242308 /* simcqt.xcodeproj */;
			proxyType = 1;
			remoteGlobalIDString = CA18FDDE48574B5FC7B1FF6C;
			remoteInfo = simcqt;
		};
		444CCF8F107DCCD300229DD2 /* PBXContainerItemProxy */ = {
			isa = PBXContainerItemProxy;
			containerPortal = 08FB7793FE84155DC02AAC07 /* Project object */;
			proxyType = 1;
			remoteGlobalIDString = 8DD76F620486A84900D96B5E;
			remoteInfo = simc;
		};
		44C41693107BB68700242308 /* PBXContainerItemProxy */ = {
			isa = PBXContainerItemProxy;
			containerPortal = 44C41689107BB68700242308 /* simcqt.xcodeproj */;
			proxyType = 2;
			remoteGlobalIDString = 44C4168E107BB68700242308;
			remoteInfo = simcqt;
		};
		44F6B1F8107A84A800763099 /* PBXContainerItemProxy */ = {
			isa = PBXContainerItemProxy;
			containerPortal = 08FB7793FE84155DC02AAC07 /* Project object */;
			proxyType = 1;
			remoteGlobalIDString = 44C7A517106D4B7600A2271C;
			remoteInfo = libsimc;
		};
/* End PBXContainerItemProxy section */

/* Begin PBXCopyFilesBuildPhase section */
		44C7A562106D4C3C00A2271C /* CopyFiles */ = {
			isa = PBXCopyFilesBuildPhase;
			buildActionMask = 2147483647;
			dstPath = ../..;
			dstSubfolderSpec = 16;
			files = (
				44CA3911107BAD5E00130224 /* libsimc.a in CopyFiles */,
			);
			runOnlyForDeploymentPostprocessing = 0;
		};
		44CB0980105EA10A00E98270 /* CopyFiles */ = {
			isa = PBXCopyFilesBuildPhase;
			buildActionMask = 2147483647;
			dstPath = ../..;
			dstSubfolderSpec = 16;
			files = (
				44CB0981105EA1D500E98270 /* simc in CopyFiles */,
				4438981C107BB7CC00462773 /* simcqt.app in CopyFiles */,
			);
			runOnlyForDeploymentPostprocessing = 0;
		};
/* End PBXCopyFilesBuildPhase section */

/* Begin PBXFileReference section */
		4438981B107BB7C700462773 /* simcqt.app */ = {isa = PBXFileReference; lastKnownFileType = wrapper.application; name = simcqt.app; path = qt/simcqt.app; sourceTree = "<group>"; };
		444CCF81107DCC3700229DD2 /* Sparkle.framework */ = {isa = PBXFileReference; lastKnownFileType = wrapper.framework; name = Sparkle.framework; path = /Library/Frameworks/Sparkle.framework; sourceTree = "<absolute>"; };
		44987E3C109CABA00052D6BE /* sc_plot.cpp */ = {isa = PBXFileReference; fileEncoding = 4; lastKnownFileType = sourcecode.cpp.cpp; path = sc_plot.cpp; sourceTree = "<group>"; };
		44C41689107BB68700242308 /* simcqt.xcodeproj */ = {isa = PBXFileReference; lastKnownFileType = "wrapper.pb-project"; name = simcqt.xcodeproj; path = qt/simcqt.xcodeproj; sourceTree = "<group>"; };
		44C7A518106D4B7600A2271C /* libsimc.a */ = {isa = PBXFileReference; explicitFileType = archive.ar; includeInIndex = 0; path = libsimc.a; sourceTree = BUILT_PRODUCTS_DIR; };
		44E3D1B910545A7500677DEB /* sc_action.cpp */ = {isa = PBXFileReference; fileEncoding = 4; lastKnownFileType = sourcecode.cpp.cpp; path = sc_action.cpp; sourceTree = "<group>"; };
		44E3D1BA10545A7500677DEB /* sc_armory.cpp */ = {isa = PBXFileReference; fileEncoding = 4; lastKnownFileType = sourcecode.cpp.cpp; path = sc_armory.cpp; sourceTree = "<group>"; };
		44E3D1BB10545A7500677DEB /* sc_attack.cpp */ = {isa = PBXFileReference; fileEncoding = 4; lastKnownFileType = sourcecode.cpp.cpp; path = sc_attack.cpp; sourceTree = "<group>"; };
		44E3D1BC10545A7500677DEB /* sc_buff.cpp */ = {isa = PBXFileReference; fileEncoding = 4; lastKnownFileType = sourcecode.cpp.cpp; path = sc_buff.cpp; sourceTree = "<group>"; };
		44E3D1BD10545A7500677DEB /* sc_chart.cpp */ = {isa = PBXFileReference; fileEncoding = 4; lastKnownFileType = sourcecode.cpp.cpp; path = sc_chart.cpp; sourceTree = "<group>"; };
		44E3D1BE10545A7500677DEB /* sc_consumable.cpp */ = {isa = PBXFileReference; fileEncoding = 4; lastKnownFileType = sourcecode.cpp.cpp; path = sc_consumable.cpp; sourceTree = "<group>"; };
		44E3D1BF10545A7500677DEB /* sc_death_knight.cpp */ = {isa = PBXFileReference; fileEncoding = 4; lastKnownFileType = sourcecode.cpp.cpp; path = sc_death_knight.cpp; sourceTree = "<group>"; };
		44E3D1C010545A7500677DEB /* sc_druid.cpp */ = {isa = PBXFileReference; fileEncoding = 4; lastKnownFileType = sourcecode.cpp.cpp; path = sc_druid.cpp; sourceTree = "<group>"; };
		44E3D1C110545A7500677DEB /* sc_enchant.cpp */ = {isa = PBXFileReference; fileEncoding = 4; lastKnownFileType = sourcecode.cpp.cpp; path = sc_enchant.cpp; sourceTree = "<group>"; };
		44E3D1C210545A7500677DEB /* sc_event.cpp */ = {isa = PBXFileReference; fileEncoding = 4; lastKnownFileType = sourcecode.cpp.cpp; path = sc_event.cpp; sourceTree = "<group>"; };
		44E3D1C310545A7500677DEB /* sc_expressions.cpp */ = {isa = PBXFileReference; fileEncoding = 4; lastKnownFileType = sourcecode.cpp.cpp; path = sc_expressions.cpp; sourceTree = "<group>"; };
		44E3D1C410545A7500677DEB /* sc_gear_stats.cpp */ = {isa = PBXFileReference; fileEncoding = 4; lastKnownFileType = sourcecode.cpp.cpp; path = sc_gear_stats.cpp; sourceTree = "<group>"; };
		44E3D1C510545A7500677DEB /* sc_http.cpp */ = {isa = PBXFileReference; fileEncoding = 4; lastKnownFileType = sourcecode.cpp.cpp; path = sc_http.cpp; sourceTree = "<group>"; };
		44E3D1C610545A7500677DEB /* sc_hunter.cpp */ = {isa = PBXFileReference; fileEncoding = 4; lastKnownFileType = sourcecode.cpp.cpp; path = sc_hunter.cpp; sourceTree = "<group>"; };
		44E3D1C710545A7500677DEB /* sc_item.cpp */ = {isa = PBXFileReference; fileEncoding = 4; lastKnownFileType = sourcecode.cpp.cpp; path = sc_item.cpp; sourceTree = "<group>"; };
		44E3D1C810545A7500677DEB /* sc_js.cpp */ = {isa = PBXFileReference; fileEncoding = 4; lastKnownFileType = sourcecode.cpp.cpp; path = sc_js.cpp; sourceTree = "<group>"; };
		44E3D1C910545A7500677DEB /* sc_log.cpp */ = {isa = PBXFileReference; fileEncoding = 4; lastKnownFileType = sourcecode.cpp.cpp; path = sc_log.cpp; sourceTree = "<group>"; };
		44E3D1CA10545A7500677DEB /* sc_mage.cpp */ = {isa = PBXFileReference; fileEncoding = 4; lastKnownFileType = sourcecode.cpp.cpp; path = sc_mage.cpp; sourceTree = "<group>"; };
		44E3D1CB10545A7500677DEB /* sc_main.cpp */ = {isa = PBXFileReference; fileEncoding = 4; lastKnownFileType = sourcecode.cpp.cpp; path = sc_main.cpp; sourceTree = "<group>"; };
		44E3D1CC10545A7500677DEB /* sc_mmo_champion.cpp */ = {isa = PBXFileReference; fileEncoding = 4; lastKnownFileType = sourcecode.cpp.cpp; path = sc_mmo_champion.cpp; sourceTree = "<group>"; };
		44E3D1CD10545A7500677DEB /* sc_option.cpp */ = {isa = PBXFileReference; fileEncoding = 4; lastKnownFileType = sourcecode.cpp.cpp; path = sc_option.cpp; sourceTree = "<group>"; };
		44E3D1CE10545A7500677DEB /* sc_paladin.cpp */ = {isa = PBXFileReference; fileEncoding = 4; lastKnownFileType = sourcecode.cpp.cpp; path = sc_paladin.cpp; sourceTree = "<group>"; };
		44E3D1CF10545A7500677DEB /* sc_pet.cpp */ = {isa = PBXFileReference; fileEncoding = 4; lastKnownFileType = sourcecode.cpp.cpp; path = sc_pet.cpp; sourceTree = "<group>"; };
		44E3D1D010545A7500677DEB /* sc_player.cpp */ = {isa = PBXFileReference; fileEncoding = 4; lastKnownFileType = sourcecode.cpp.cpp; path = sc_player.cpp; sourceTree = "<group>"; };
		44E3D1D110545A7500677DEB /* sc_priest.cpp */ = {isa = PBXFileReference; fileEncoding = 4; lastKnownFileType = sourcecode.cpp.cpp; path = sc_priest.cpp; sourceTree = "<group>"; };
		44E3D1D210545A7500677DEB /* sc_raid_event.cpp */ = {isa = PBXFileReference; fileEncoding = 4; lastKnownFileType = sourcecode.cpp.cpp; path = sc_raid_event.cpp; sourceTree = "<group>"; };
		44E3D1D310545A7500677DEB /* sc_rating.cpp */ = {isa = PBXFileReference; fileEncoding = 4; lastKnownFileType = sourcecode.cpp.cpp; path = sc_rating.cpp; sourceTree = "<group>"; };
		44E3D1D410545A7500677DEB /* sc_rawr.cpp */ = {isa = PBXFileReference; fileEncoding = 4; lastKnownFileType = sourcecode.cpp.cpp; path = sc_rawr.cpp; sourceTree = "<group>"; };
		44E3D1D510545A7500677DEB /* sc_report.cpp */ = {isa = PBXFileReference; fileEncoding = 4; lastKnownFileType = sourcecode.cpp.cpp; path = sc_report.cpp; sourceTree = "<group>"; };
		44E3D1D610545A7500677DEB /* sc_rng.cpp */ = {isa = PBXFileReference; fileEncoding = 4; lastKnownFileType = sourcecode.cpp.cpp; path = sc_rng.cpp; sourceTree = "<group>"; };
		44E3D1D710545A7500677DEB /* sc_rogue.cpp */ = {isa = PBXFileReference; fileEncoding = 4; lastKnownFileType = sourcecode.cpp.cpp; path = sc_rogue.cpp; sourceTree = "<group>"; };
		44E3D1D810545A7500677DEB /* sc_scaling.cpp */ = {isa = PBXFileReference; fileEncoding = 4; lastKnownFileType = sourcecode.cpp.cpp; path = sc_scaling.cpp; sourceTree = "<group>"; };
		44E3D1D910545A7500677DEB /* sc_sequence.cpp */ = {isa = PBXFileReference; fileEncoding = 4; lastKnownFileType = sourcecode.cpp.cpp; path = sc_sequence.cpp; sourceTree = "<group>"; };
		44E3D1DA10545A7500677DEB /* sc_set_bonus.cpp */ = {isa = PBXFileReference; fileEncoding = 4; lastKnownFileType = sourcecode.cpp.cpp; path = sc_set_bonus.cpp; sourceTree = "<group>"; };
		44E3D1DB10545A7500677DEB /* sc_shaman.cpp */ = {isa = PBXFileReference; fileEncoding = 4; lastKnownFileType = sourcecode.cpp.cpp; path = sc_shaman.cpp; sourceTree = "<group>"; };
		44E3D1DC10545A7500677DEB /* sc_sim.cpp */ = {isa = PBXFileReference; fileEncoding = 4; lastKnownFileType = sourcecode.cpp.cpp; path = sc_sim.cpp; sourceTree = "<group>"; };
		44E3D1DD10545A7500677DEB /* sc_spell.cpp */ = {isa = PBXFileReference; fileEncoding = 4; lastKnownFileType = sourcecode.cpp.cpp; path = sc_spell.cpp; sourceTree = "<group>"; };
		44E3D1DE10545A7500677DEB /* sc_stats.cpp */ = {isa = PBXFileReference; fileEncoding = 4; lastKnownFileType = sourcecode.cpp.cpp; path = sc_stats.cpp; sourceTree = "<group>"; };
		44E3D1DF10545A7500677DEB /* sc_target.cpp */ = {isa = PBXFileReference; fileEncoding = 4; lastKnownFileType = sourcecode.cpp.cpp; path = sc_target.cpp; sourceTree = "<group>"; };
		44E3D1E010545A7500677DEB /* sc_thread.cpp */ = {isa = PBXFileReference; fileEncoding = 4; lastKnownFileType = sourcecode.cpp.cpp; path = sc_thread.cpp; sourceTree = "<group>"; };
		44E3D1E110545A7500677DEB /* sc_unique_gear.cpp */ = {isa = PBXFileReference; fileEncoding = 4; lastKnownFileType = sourcecode.cpp.cpp; path = sc_unique_gear.cpp; sourceTree = "<group>"; };
		44E3D1E210545A7500677DEB /* sc_util.cpp */ = {isa = PBXFileReference; fileEncoding = 4; lastKnownFileType = sourcecode.cpp.cpp; path = sc_util.cpp; sourceTree = "<group>"; };
		44E3D1E310545A7500677DEB /* sc_warlock.cpp */ = {isa = PBXFileReference; fileEncoding = 4; lastKnownFileType = sourcecode.cpp.cpp; path = sc_warlock.cpp; sourceTree = "<group>"; };
		44E3D1E410545A7500677DEB /* sc_warrior.cpp */ = {isa = PBXFileReference; fileEncoding = 4; lastKnownFileType = sourcecode.cpp.cpp; path = sc_warrior.cpp; sourceTree = "<group>"; };
		44E3D1E510545A7500677DEB /* sc_weapon.cpp */ = {isa = PBXFileReference; fileEncoding = 4; lastKnownFileType = sourcecode.cpp.cpp; path = sc_weapon.cpp; sourceTree = "<group>"; };
		44E3D1E610545A7500677DEB /* sc_wowhead.cpp */ = {isa = PBXFileReference; fileEncoding = 4; lastKnownFileType = sourcecode.cpp.cpp; path = sc_wowhead.cpp; sourceTree = "<group>"; };
		44E3D1E710545A7500677DEB /* sc_xml.cpp */ = {isa = PBXFileReference; fileEncoding = 4; lastKnownFileType = sourcecode.cpp.cpp; path = sc_xml.cpp; sourceTree = "<group>"; };
		44E3D21810545A9800677DEB /* simulationcraft.h */ = {isa = PBXFileReference; explicitFileType = sourcecode.cpp.h; fileEncoding = 4; path = simulationcraft.h; sourceTree = "<group>"; };
		44E3D21C10545AD700677DEB /* READ_ME_FIRST.txt */ = {isa = PBXFileReference; fileEncoding = 4; lastKnownFileType = text; path = READ_ME_FIRST.txt; sourceTree = "<group>"; };
		8DD76F6C0486A84900D96B5E /* simc */ = {isa = PBXFileReference; explicitFileType = "compiled.mach-o.executable"; includeInIndex = 0; path = simc; sourceTree = BUILT_PRODUCTS_DIR; };
/* End PBXFileReference section */

/* Begin PBXFrameworksBuildPhase section */
		44C7A516106D4B7600A2271C /* Frameworks */ = {
			isa = PBXFrameworksBuildPhase;
			buildActionMask = 2147483647;
			files = (
			);
			runOnlyForDeploymentPostprocessing = 0;
		};
		8DD76F660486A84900D96B5E /* Frameworks */ = {
			isa = PBXFrameworksBuildPhase;
			buildActionMask = 2147483647;
			files = (
				44F6B202107A84FF00763099 /* libsimc.a in Frameworks */,
			);
			runOnlyForDeploymentPostprocessing = 0;
		};
/* End PBXFrameworksBuildPhase section */

/* Begin PBXGroup section */
		08FB7794FE84155DC02AAC07 /* simc */ = {
			isa = PBXGroup;
			children = (
				4438981B107BB7C700462773 /* simcqt.app */,
				44C41689107BB68700242308 /* simcqt.xcodeproj */,
				08FB7795FE84155DC02AAC07 /* engine */,
				C6859E8C029090F304C91782 /* Documentation */,
				1AB674ADFE9D54B511CA2CBB /* Products */,
				444CCF80107DCC1700229DD2 /* Frameworks */,
			);
			name = simc;
			sourceTree = "<group>";
		};
		08FB7795FE84155DC02AAC07 /* engine */ = {
			isa = PBXGroup;
			children = (
				44987E3C109CABA00052D6BE /* sc_plot.cpp */,
				44E3D21810545A9800677DEB /* simulationcraft.h */,
				44E3D1B910545A7500677DEB /* sc_action.cpp */,
				44E3D1BA10545A7500677DEB /* sc_armory.cpp */,
				44E3D1BB10545A7500677DEB /* sc_attack.cpp */,
				44E3D1BC10545A7500677DEB /* sc_buff.cpp */,
				44E3D1BD10545A7500677DEB /* sc_chart.cpp */,
				44E3D1BE10545A7500677DEB /* sc_consumable.cpp */,
				44E3D1BF10545A7500677DEB /* sc_death_knight.cpp */,
				44E3D1C010545A7500677DEB /* sc_druid.cpp */,
				44E3D1C110545A7500677DEB /* sc_enchant.cpp */,
				44E3D1C210545A7500677DEB /* sc_event.cpp */,
				44E3D1C310545A7500677DEB /* sc_expressions.cpp */,
				44E3D1C410545A7500677DEB /* sc_gear_stats.cpp */,
				44E3D1C510545A7500677DEB /* sc_http.cpp */,
				44E3D1C610545A7500677DEB /* sc_hunter.cpp */,
				44E3D1C710545A7500677DEB /* sc_item.cpp */,
				44E3D1C810545A7500677DEB /* sc_js.cpp */,
				44E3D1C910545A7500677DEB /* sc_log.cpp */,
				44E3D1CA10545A7500677DEB /* sc_mage.cpp */,
				44E3D1CB10545A7500677DEB /* sc_main.cpp */,
				44E3D1CC10545A7500677DEB /* sc_mmo_champion.cpp */,
				44E3D1CD10545A7500677DEB /* sc_option.cpp */,
				44E3D1CE10545A7500677DEB /* sc_paladin.cpp */,
				44E3D1CF10545A7500677DEB /* sc_pet.cpp */,
				44E3D1D010545A7500677DEB /* sc_player.cpp */,
				44E3D1D110545A7500677DEB /* sc_priest.cpp */,
				44E3D1D210545A7500677DEB /* sc_raid_event.cpp */,
				44E3D1D310545A7500677DEB /* sc_rating.cpp */,
				44E3D1D410545A7500677DEB /* sc_rawr.cpp */,
				44E3D1D510545A7500677DEB /* sc_report.cpp */,
				44E3D1D610545A7500677DEB /* sc_rng.cpp */,
				44E3D1D710545A7500677DEB /* sc_rogue.cpp */,
				44E3D1D810545A7500677DEB /* sc_scaling.cpp */,
				44E3D1D910545A7500677DEB /* sc_sequence.cpp */,
				44E3D1DA10545A7500677DEB /* sc_set_bonus.cpp */,
				44E3D1DB10545A7500677DEB /* sc_shaman.cpp */,
				44E3D1DC10545A7500677DEB /* sc_sim.cpp */,
				44E3D1DD10545A7500677DEB /* sc_spell.cpp */,
				44E3D1DE10545A7500677DEB /* sc_stats.cpp */,
				44E3D1E310545A7500677DEB /* sc_warlock.cpp */,
				44E3D1DF10545A7500677DEB /* sc_target.cpp */,
				44E3D1E010545A7500677DEB /* sc_thread.cpp */,
				44E3D1E110545A7500677DEB /* sc_unique_gear.cpp */,
				44E3D1E210545A7500677DEB /* sc_util.cpp */,
				44E3D1E410545A7500677DEB /* sc_warrior.cpp */,
				44E3D1E510545A7500677DEB /* sc_weapon.cpp */,
				44E3D1E610545A7500677DEB /* sc_wowhead.cpp */,
				44E3D1E710545A7500677DEB /* sc_xml.cpp */,
			);
			path = engine;
			sourceTree = "<group>";
		};
		1AB674ADFE9D54B511CA2CBB /* Products */ = {
			isa = PBXGroup;
			children = (
				8DD76F6C0486A84900D96B5E /* simc */,
				44C7A518106D4B7600A2271C /* libsimc.a */,
			);
			name = Products;
			sourceTree = "<group>";
		};
		444CCF80107DCC1700229DD2 /* Frameworks */ = {
			isa = PBXGroup;
			children = (
				444CCF81107DCC3700229DD2 /* Sparkle.framework */,
			);
			name = Frameworks;
			sourceTree = "<group>";
		};
		44C4168A107BB68700242308 /* Products */ = {
			isa = PBXGroup;
			children = (
				44C41694107BB68700242308 /* simcqt.app */,
			);
			name = Products;
			sourceTree = "<group>";
		};
		C6859E8C029090F304C91782 /* Documentation */ = {
			isa = PBXGroup;
			children = (
				44E3D21C10545AD700677DEB /* READ_ME_FIRST.txt */,
			);
			name = Documentation;
			sourceTree = "<group>";
		};
/* End PBXGroup section */

/* Begin PBXHeadersBuildPhase section */
		44C7A514106D4B7600A2271C /* Headers */ = {
			isa = PBXHeadersBuildPhase;
			buildActionMask = 2147483647;
			files = (
			);
			runOnlyForDeploymentPostprocessing = 0;
		};
/* End PBXHeadersBuildPhase section */

/* Begin PBXLegacyTarget section */
		442BD327107A79ED00AFCDF4 /* Generate Qt Project */ = {
			isa = PBXLegacyTarget;
			buildArgumentsString = "-spec macx-xcode";
			buildConfigurationList = 442BD32D107A7A1700AFCDF4 /* Build configuration list for PBXLegacyTarget "Generate Qt Project" */;
			buildPhases = (
			);
			buildToolPath = /usr/bin/qmake;
			buildWorkingDirectory = "$(PROJECT_DIR)/qt";
			dependencies = (
				442BD32C107A79F800AFCDF4 /* PBXTargetDependency */,
			);
			name = "Generate Qt Project";
			passBuildSettingsInEnvironment = 0;
			productName = "Generate Qt Project";
		};
/* End PBXLegacyTarget section */

/* Begin PBXNativeTarget section */
		44C7A517106D4B7600A2271C /* libsimc */ = {
			isa = PBXNativeTarget;
			buildConfigurationList = 44C7A51B106D4B9500A2271C /* Build configuration list for PBXNativeTarget "libsimc" */;
			buildPhases = (
				44C7A514106D4B7600A2271C /* Headers */,
				44C7A515106D4B7600A2271C /* Sources */,
				44C7A516106D4B7600A2271C /* Frameworks */,
				44C7A562106D4C3C00A2271C /* CopyFiles */,
			);
			buildRules = (
			);
			dependencies = (
			);
			name = libsimc;
			productName = libsimc.a;
			productReference = 44C7A518106D4B7600A2271C /* libsimc.a */;
			productType = "com.apple.product-type.library.static";
		};
		8DD76F620486A84900D96B5E /* simc */ = {
			isa = PBXNativeTarget;
			buildConfigurationList = 1DEB923108733DC60010E9CD /* Build configuration list for PBXNativeTarget "simc" */;
			buildPhases = (
				44F6B20E107A860300763099 /* Sources */,
				8DD76F660486A84900D96B5E /* Frameworks */,
				44CB0980105EA10A00E98270 /* CopyFiles */,
			);
			buildRules = (
			);
			dependencies = (
				44F6B1F9107A84A800763099 /* PBXTargetDependency */,
				4438981E107BB7F900462773 /* PBXTargetDependency */,
			);
			name = simc;
			productInstallPath = "$(HOME)/bin";
			productName = simc;
			productReference = 8DD76F6C0486A84900D96B5E /* simc */;
			productType = "com.apple.product-type.tool";
		};
/* End PBXNativeTarget section */

/* Begin PBXProject section */
		08FB7793FE84155DC02AAC07 /* Project object */ = {
			isa = PBXProject;
			attributes = {
				BuildIndependentTargetsInParallel = YES;
				ORGANIZATIONNAME = "Craig Hughes";
			};
			buildConfigurationList = 1DEB923508733DC60010E9CD /* Build configuration list for PBXProject "simc" */;
			compatibilityVersion = "Xcode 3.2";
			hasScannedForEncodings = 1;
			mainGroup = 08FB7794FE84155DC02AAC07 /* simc */;
			projectDirPath = "";
			projectReferences = (
				{
					ProductGroup = 44C4168A107BB68700242308 /* Products */;
					ProjectRef = 44C41689107BB68700242308 /* simcqt.xcodeproj */;
				},
			);
			projectRoot = "";
			targets = (
				8DD76F620486A84900D96B5E /* simc */,
				44C7A517106D4B7600A2271C /* libsimc */,
				442BD327107A79ED00AFCDF4 /* Generate Qt Project */,
				444CCF8C107DCCCD00229DD2 /* Bundle for Deployment */,
			);
		};
/* End PBXProject section */

/* Begin PBXReferenceProxy section */
		44C41694107BB68700242308 /* simcqt.app */ = {
			isa = PBXReferenceProxy;
			fileType = wrapper.application;
			path = simcqt.app;
			remoteRef = 44C41693107BB68700242308 /* PBXContainerItemProxy */;
			sourceTree = BUILT_PRODUCTS_DIR;
		};
/* End PBXReferenceProxy section */

/* Begin PBXShellScriptBuildPhase section */
		444CCF8B107DCCCD00229DD2 /* ShellScript */ = {
			isa = PBXShellScriptBuildPhase;
			buildActionMask = 2147483647;
			files = (
			);
			inputPaths = (
			);
			outputPaths = (
			);
			runOnlyForDeploymentPostprocessing = 0;
			shellPath = /bin/bash;
			shellScript = "macdeployqt simcqt.app\n$CP -a dsa_pub.pem Examples.simc Welcome.html Legend.html simcqt.app/Contents/Resources/\n$CP -a /Library/Frameworks/Sparkle.framework $PROJECT_DIR/simcqt.app/Contents/Frameworks\ngit --version && sed -i -e \"s/GIT-REV-PARSE-HERE/`git rev-parse --short HEAD`/\" simcqt.app/Contents/Info.plist\nhdiutil create -srcfolder simcqt.app -srcfolder profiles -srcfolder READ_ME_FIRST.txt -srcfolder simc -nospotlight -format UDBZ -volname \"Simulationcraft v`defaults read $PROJECT_DIR/simcqt.app/Contents/Info CFBundleVersion`\" -ov -puppetstrings simcqt.dmg";
		};
/* End PBXShellScriptBuildPhase section */

/* Begin PBXSourcesBuildPhase section */
		44C7A515106D4B7600A2271C /* Sources */ = {
			isa = PBXSourcesBuildPhase;
			buildActionMask = 2147483647;
			files = (
				44C7A51C106D4BA300A2271C /* sc_action.cpp in Sources */,
				44C7A51D106D4BA300A2271C /* sc_armory.cpp in Sources */,
				44C7A51E106D4BA300A2271C /* sc_attack.cpp in Sources */,
				44C7A51F106D4BA300A2271C /* sc_buff.cpp in Sources */,
				44C7A520106D4BA300A2271C /* sc_chart.cpp in Sources */,
				44C7A521106D4BA300A2271C /* sc_consumable.cpp in Sources */,
				44C7A522106D4BA300A2271C /* sc_death_knight.cpp in Sources */,
				44C7A523106D4BA300A2271C /* sc_druid.cpp in Sources */,
				44C7A524106D4BA300A2271C /* sc_enchant.cpp in Sources */,
				44C7A525106D4BA300A2271C /* sc_event.cpp in Sources */,
				44C7A526106D4BA300A2271C /* sc_expressions.cpp in Sources */,
				44C7A527106D4BA300A2271C /* sc_gear_stats.cpp in Sources */,
				44C7A528106D4BA300A2271C /* sc_http.cpp in Sources */,
				44C7A529106D4BA300A2271C /* sc_hunter.cpp in Sources */,
				44C7A52A106D4BA300A2271C /* sc_item.cpp in Sources */,
				44C7A52B106D4BA300A2271C /* sc_js.cpp in Sources */,
				44C7A52C106D4BA300A2271C /* sc_log.cpp in Sources */,
				44C7A52D106D4BA300A2271C /* sc_mage.cpp in Sources */,
				44C7A52E106D4BA300A2271C /* sc_main.cpp in Sources */,
				44C7A52F106D4BA300A2271C /* sc_mmo_champion.cpp in Sources */,
				44C7A530106D4BA300A2271C /* sc_option.cpp in Sources */,
				44C7A531106D4BA300A2271C /* sc_paladin.cpp in Sources */,
				44C7A532106D4BA300A2271C /* sc_pet.cpp in Sources */,
				44C7A533106D4BA300A2271C /* sc_player.cpp in Sources */,
				44C7A534106D4BA300A2271C /* sc_priest.cpp in Sources */,
				44C7A535106D4BA300A2271C /* sc_raid_event.cpp in Sources */,
				44C7A536106D4BA300A2271C /* sc_rating.cpp in Sources */,
				44C7A537106D4BA300A2271C /* sc_rawr.cpp in Sources */,
				44C7A538106D4BA300A2271C /* sc_report.cpp in Sources */,
				44C7A539106D4BA300A2271C /* sc_rng.cpp in Sources */,
				44C7A53A106D4BA300A2271C /* sc_rogue.cpp in Sources */,
				44C7A53B106D4BA300A2271C /* sc_scaling.cpp in Sources */,
				44C7A53C106D4BA300A2271C /* sc_sequence.cpp in Sources */,
				44C7A53D106D4BA300A2271C /* sc_set_bonus.cpp in Sources */,
				44C7A53E106D4BA300A2271C /* sc_shaman.cpp in Sources */,
				44C7A53F106D4BA300A2271C /* sc_sim.cpp in Sources */,
				44C7A540106D4BA300A2271C /* sc_spell.cpp in Sources */,
				44C7A541106D4BA300A2271C /* sc_stats.cpp in Sources */,
				44C7A542106D4BA300A2271C /* sc_target.cpp in Sources */,
				44C7A543106D4BA300A2271C /* sc_thread.cpp in Sources */,
				44C7A544106D4BA300A2271C /* sc_unique_gear.cpp in Sources */,
				44C7A545106D4BA300A2271C /* sc_util.cpp in Sources */,
				44C7A546106D4BA300A2271C /* sc_warlock.cpp in Sources */,
				44C7A547106D4BA300A2271C /* sc_warrior.cpp in Sources */,
				44C7A548106D4BA300A2271C /* sc_weapon.cpp in Sources */,
				44C7A549106D4BA300A2271C /* sc_wowhead.cpp in Sources */,
				44C7A54A106D4BA300A2271C /* sc_xml.cpp in Sources */,
				44987E3D109CABA00052D6BE /* sc_plot.cpp in Sources */,
			);
			runOnlyForDeploymentPostprocessing = 0;
		};
		44F6B20E107A860300763099 /* Sources */ = {
			isa = PBXSourcesBuildPhase;
			buildActionMask = 2147483647;
			files = (
				44F6B20F107A861700763099 /* sc_main.cpp in Sources */,
			);
			runOnlyForDeploymentPostprocessing = 0;
		};
/* End PBXSourcesBuildPhase section */

/* Begin PBXTargetDependency section */
		442BD32C107A79F800AFCDF4 /* PBXTargetDependency */ = {
			isa = PBXTargetDependency;
			target = 44C7A517106D4B7600A2271C /* libsimc */;
			targetProxy = 442BD32B107A79F800AFCDF4 /* PBXContainerItemProxy */;
		};
		4438981E107BB7F900462773 /* PBXTargetDependency */ = {
			isa = PBXTargetDependency;
			name = simcqt;
			targetProxy = 4438981D107BB7F900462773 /* PBXContainerItemProxy */;
		};
		444CCF90107DCCD300229DD2 /* PBXTargetDependency */ = {
			isa = PBXTargetDependency;
			target = 8DD76F620486A84900D96B5E /* simc */;
			targetProxy = 444CCF8F107DCCD300229DD2 /* PBXContainerItemProxy */;
		};
		44F6B1F9107A84A800763099 /* PBXTargetDependency */ = {
			isa = PBXTargetDependency;
			target = 44C7A517106D4B7600A2271C /* libsimc */;
			targetProxy = 44F6B1F8107A84A800763099 /* PBXContainerItemProxy */;
		};
/* End PBXTargetDependency section */

/* Begin XCBuildConfiguration section */
		1DEB923208733DC60010E9CD /* Debug */ = {
			isa = XCBuildConfiguration;
			buildSettings = {
				PRODUCT_NAME = simc;
			};
			name = Debug;
		};
		1DEB923308733DC60010E9CD /* Release */ = {
			isa = XCBuildConfiguration;
			buildSettings = {
				PRODUCT_NAME = simc;
			};
			name = Release;
		};
		1DEB923608733DC60010E9CD /* Debug */ = {
			isa = XCBuildConfiguration;
			buildSettings = {
				ARCHS = "$(ARCHS_STANDARD_32_64_BIT)";
				GCC_AUTO_VECTORIZATION = YES;
				GCC_C_LANGUAGE_STANDARD = gnu99;
				GCC_ENABLE_SSE3_EXTENSIONS = YES;
				GCC_ENABLE_SSE41_EXTENSIONS = YES;
				GCC_ENABLE_SSE42_EXTENSIONS = YES;
				GCC_ENABLE_SUPPLEMENTAL_SSE3_INSTRUCTIONS = YES;
				GCC_MODEL_TUNING = "";
				GCC_OPTIMIZATION_LEVEL = 4;
				GCC_VERSION = "";
				GCC_WARN_64_TO_32_BIT_CONVERSION = NO;
				GCC_WARN_ABOUT_MISSING_FIELD_INITIALIZERS = NO;
				GCC_WARN_ABOUT_MISSING_NEWLINE = NO;
				GCC_WARN_ABOUT_MISSING_PROTOTYPES = YES;
				GCC_WARN_ABOUT_RETURN_TYPE = YES;
				GCC_WARN_CHECK_SWITCH_STATEMENTS = YES;
				GCC_WARN_EFFECTIVE_CPLUSPLUS_VIOLATIONS = NO;
				GCC_WARN_HIDDEN_VIRTUAL_FUNCTIONS = YES;
				GCC_WARN_INITIALIZER_NOT_FULLY_BRACKETED = YES;
				GCC_WARN_MISSING_PARENTHESES = YES;
				GCC_WARN_NON_VIRTUAL_DESTRUCTOR = YES;
				GCC_WARN_PROTOTYPE_CONVERSION = YES;
				GCC_WARN_SHADOW = NO;
				GCC_WARN_SIGN_COMPARE = YES;
				GCC_WARN_UNINITIALIZED_AUTOS = NO;
				GCC_WARN_UNUSED_FUNCTION = YES;
				GCC_WARN_UNUSED_LABEL = YES;
				GCC_WARN_UNUSED_PARAMETER = NO;
				GCC_WARN_UNUSED_VALUE = YES;
				GCC_WARN_UNUSED_VARIABLE = YES;
				MACH_O_TYPE = mh_execute;
				PRODUCT_NAME = simc;
				SDKROOT = macosx10.6;
			};
			name = Debug;
		};
		1DEB923708733DC60010E9CD /* Release */ = {
			isa = XCBuildConfiguration;
			buildSettings = {
				ARCHS = "$(ARCHS_STANDARD_32_64_BIT)";
				GCC_AUTO_VECTORIZATION = YES;
				GCC_C_LANGUAGE_STANDARD = gnu99;
				GCC_ENABLE_SSE3_EXTENSIONS = YES;
				GCC_ENABLE_SSE41_EXTENSIONS = YES;
				GCC_ENABLE_SSE42_EXTENSIONS = YES;
				GCC_ENABLE_SUPPLEMENTAL_SSE3_INSTRUCTIONS = YES;
				GCC_GENERATE_DEBUGGING_SYMBOLS = NO;
				GCC_MODEL_TUNING = "";
				GCC_OPTIMIZATION_LEVEL = 4;
				GCC_VERSION = "";
				GCC_WARN_64_TO_32_BIT_CONVERSION = NO;
				GCC_WARN_ABOUT_MISSING_FIELD_INITIALIZERS = NO;
				GCC_WARN_ABOUT_MISSING_NEWLINE = NO;
				GCC_WARN_ABOUT_MISSING_PROTOTYPES = YES;
				GCC_WARN_ABOUT_RETURN_TYPE = YES;
				GCC_WARN_CHECK_SWITCH_STATEMENTS = YES;
				GCC_WARN_EFFECTIVE_CPLUSPLUS_VIOLATIONS = NO;
				GCC_WARN_HIDDEN_VIRTUAL_FUNCTIONS = YES;
				GCC_WARN_INITIALIZER_NOT_FULLY_BRACKETED = YES;
				GCC_WARN_MISSING_PARENTHESES = YES;
				GCC_WARN_NON_VIRTUAL_DESTRUCTOR = YES;
				GCC_WARN_PROTOTYPE_CONVERSION = YES;
				GCC_WARN_SHADOW = NO;
				GCC_WARN_SIGN_COMPARE = YES;
				GCC_WARN_UNINITIALIZED_AUTOS = YES;
				GCC_WARN_UNUSED_FUNCTION = YES;
				GCC_WARN_UNUSED_LABEL = YES;
				GCC_WARN_UNUSED_PARAMETER = NO;
				GCC_WARN_UNUSED_VALUE = YES;
				GCC_WARN_UNUSED_VARIABLE = YES;
				PRODUCT_NAME = simc;
				SDKROOT = macosx10.6;
			};
			name = Release;
		};
		442BD328107A79ED00AFCDF4 /* Debug */ = {
			isa = XCBuildConfiguration;
			buildSettings = {
				COPY_PHASE_STRIP = NO;
				GCC_DYNAMIC_NO_PIC = NO;
				GCC_OPTIMIZATION_LEVEL = 0;
				PRODUCT_NAME = "Generate Qt Project";
			};
			name = Debug;
		};
		442BD329107A79ED00AFCDF4 /* Release */ = {
			isa = XCBuildConfiguration;
			buildSettings = {
			};
			name = Release;
		};
		444CCF8D107DCCCD00229DD2 /* Debug */ = {
			isa = XCBuildConfiguration;
			buildSettings = {
			};
			name = Debug;
		};
		444CCF8E107DCCCD00229DD2 /* Release */ = {
			isa = XCBuildConfiguration;
			buildSettings = {
			};
			name = Release;
		};
		44C7A519106D4B7700A2271C /* Debug */ = {
			isa = XCBuildConfiguration;
			buildSettings = {
				LINK_WITH_STANDARD_LIBRARIES = YES;
				MACH_O_TYPE = staticlib;
			};
			name = Debug;
		};
		44C7A51A106D4B7700A2271C /* Release */ = {
			isa = XCBuildConfiguration;
			buildSettings = {
				LINK_WITH_STANDARD_LIBRARIES = YES;
				MACH_O_TYPE = staticlib;
			};
			name = Release;
		};
/* End XCBuildConfiguration section */

/* Begin XCConfigurationList section */
		1DEB923108733DC60010E9CD /* Build configuration list for PBXNativeTarget "simc" */ = {
			isa = XCConfigurationList;
			buildConfigurations = (
				1DEB923208733DC60010E9CD /* Debug */,
				1DEB923308733DC60010E9CD /* Release */,
			);
			defaultConfigurationIsVisible = 0;
			defaultConfigurationName = Release;
		};
		1DEB923508733DC60010E9CD /* Build configuration list for PBXProject "simc" */ = {
			isa = XCConfigurationList;
			buildConfigurations = (
				1DEB923608733DC60010E9CD /* Debug */,
				1DEB923708733DC60010E9CD /* Release */,
			);
			defaultConfigurationIsVisible = 0;
			defaultConfigurationName = Release;
		};
		442BD32D107A7A1700AFCDF4 /* Build configuration list for PBXLegacyTarget "Generate Qt Project" */ = {
			isa = XCConfigurationList;
			buildConfigurations = (
				442BD328107A79ED00AFCDF4 /* Debug */,
				442BD329107A79ED00AFCDF4 /* Release */,
			);
			defaultConfigurationIsVisible = 0;
			defaultConfigurationName = Release;
		};
		444CCF93107DCD1D00229DD2 /* Build configuration list for PBXAggregateTarget "Bundle for Deployment" */ = {
			isa = XCConfigurationList;
			buildConfigurations = (
				444CCF8D107DCCCD00229DD2 /* Debug */,
				444CCF8E107DCCCD00229DD2 /* Release */,
			);
			defaultConfigurationIsVisible = 0;
			defaultConfigurationName = Release;
		};
		44C7A51B106D4B9500A2271C /* Build configuration list for PBXNativeTarget "libsimc" */ = {
			isa = XCConfigurationList;
			buildConfigurations = (
				44C7A519106D4B7700A2271C /* Debug */,
				44C7A51A106D4B7700A2271C /* Release */,
			);
			defaultConfigurationIsVisible = 0;
			defaultConfigurationName = Release;
		};
/* End XCConfigurationList section */
	};
	rootObject = 08FB7793FE84155DC02AAC07 /* Project object */;
}
