<?xml version="1.0" encoding="utf-8"?>
<Project ToolsVersion="4.0" xmlns="http://schemas.microsoft.com/developer/msbuild/2003">
  <ItemGroup>
    <Filter Include="Source Files">
      <UniqueIdentifier>{4FC737F1-C7A5-4376-A066-2A32D752A2FF}</UniqueIdentifier>
      <Extensions>cpp;c;cc;cxx;def;odl;idl;hpj;bat;asm;asmx</Extensions>
    </Filter>
    <Filter Include="Header Files">
      <UniqueIdentifier>{93995380-89BD-4b04-88EB-625FBE52EBFB}</UniqueIdentifier>
      <Extensions>h;hh;hpp;hxx;hm;inl;inc;ipp;xsd</Extensions>
    </Filter>
    <Filter Include="Resource Files">
      <UniqueIdentifier>{67DA6AB6-F800-4c08-8B7A-83BB121AAD01}</UniqueIdentifier>
      <Extensions>rc;ico;cur;bmp;dlg;rc2;rct;bin;rgs;gif;jpg;jpeg;jpe;resx;tiff;tif;png;wav;mfcribbon-ms</Extensions>
    </Filter>
  </ItemGroup>
  <ItemGroup>
    <ClCompile Include="..\engine\util\xml.cpp">
      <Filter>Source Files</Filter>
    </ClCompile>
    <ClCompile Include="..\engine\util\stopwatch.cpp">
      <Filter>Source Files</Filter>
    </ClCompile>
    <ClCompile Include="..\engine\util\rng.cpp">
      <Filter>Source Files</Filter>
    </ClCompile>
    <ClCompile Include="..\engine\util\io.cpp">
      <Filter>Source Files</Filter>
    </ClCompile>
    <ClCompile Include="..\engine\util\concurrency.cpp">
      <Filter>Source Files</Filter>
    </ClCompile>
    <ClCompile Include="..\engine\util\git_info.cpp">
      <Filter>Source Files</Filter>
    </ClCompile>
    <ClCompile Include="..\engine\sim\x6_pantheon.cpp">
      <Filter>Source Files</Filter>
    </ClCompile>
    <ClCompile Include="..\engine\sim\sc_sim.cpp">
      <Filter>Source Files</Filter>
    </ClCompile>
    <ClCompile Include="..\engine\sim\sc_reforge_plot.cpp">
      <Filter>Source Files</Filter>
    </ClCompile>
    <ClCompile Include="..\engine\sim\sc_raid_event.cpp">
      <Filter>Source Files</Filter>
    </ClCompile>
    <ClCompile Include="..\engine\sim\sc_progress_bar.cpp">
      <Filter>Source Files</Filter>
    </ClCompile>
    <ClCompile Include="..\engine\sim\sc_profileset.cpp">
      <Filter>Source Files</Filter>
    </ClCompile>
    <ClCompile Include="..\engine\sim\sc_plot.cpp">
      <Filter>Source Files</Filter>
    </ClCompile>
    <ClCompile Include="..\engine\sim\sc_option.cpp">
      <Filter>Source Files</Filter>
    </ClCompile>
    <ClCompile Include="..\engine\sim\sc_gear_stats.cpp">
      <Filter>Source Files</Filter>
    </ClCompile>
    <ClCompile Include="..\engine\sim\sc_expressions.cpp">
      <Filter>Source Files</Filter>
    </ClCompile>
    <ClCompile Include="..\engine\sim\sc_event.cpp">
      <Filter>Source Files</Filter>
    </ClCompile>
    <ClCompile Include="..\engine\sim\sc_cooldown.cpp">
      <Filter>Source Files</Filter>
    </ClCompile>
    <ClCompile Include="..\engine\report\sc_report_text.cpp">
      <Filter>Source Files</Filter>
    </ClCompile>
    <ClCompile Include="..\engine\report\sc_report_json.cpp">
      <Filter>Source Files</Filter>
    </ClCompile>
    <ClCompile Include="..\engine\report\sc_report_html_sim.cpp">
      <Filter>Source Files</Filter>
    </ClCompile>
    <ClCompile Include="..\engine\report\sc_report_html_player.cpp">
      <Filter>Source Files</Filter>
    </ClCompile>
    <ClCompile Include="..\engine\report\sc_highchart.cpp">
      <Filter>Source Files</Filter>
    </ClCompile>
    <ClCompile Include="..\engine\report\sc_gear_weights.cpp">
      <Filter>Source Files</Filter>
    </ClCompile>
    <ClCompile Include="..\engine\player\sc_unique_gear.cpp">
      <Filter>Source Files</Filter>
    </ClCompile>
    <ClCompile Include="..\engine\player\sc_set_bonus.cpp">
      <Filter>Source Files</Filter>
    </ClCompile>
    <ClCompile Include="..\engine\player\sc_player.cpp">
      <Filter>Source Files</Filter>
    </ClCompile>
    <ClCompile Include="..\engine\player\sc_pet.cpp">
      <Filter>Source Files</Filter>
    </ClCompile>
    <ClCompile Include="..\engine\player\sc_consumable.cpp">
      <Filter>Source Files</Filter>
    </ClCompile>
    <ClCompile Include="..\engine\player\artifact_data.cpp">
      <Filter>Source Files</Filter>
    </ClCompile>
    <ClCompile Include="..\engine\player\azerite_data.cpp">
      <Filter>Source Files</Filter>
    </ClCompile>
    <ClCompile Include="..\engine\interfaces\sc_js.cpp">
      <Filter>Source Files</Filter>
    </ClCompile>
    <ClCompile Include="..\engine\interfaces\sc_http.cpp">
      <Filter>Source Files</Filter>
    </ClCompile>
    <ClCompile Include="..\engine\dbc\sc_spell_info.cpp">
      <Filter>Source Files</Filter>
    </ClCompile>
    <ClCompile Include="..\engine\dbc\sc_spell_data.cpp">
      <Filter>Source Files</Filter>
    </ClCompile>
    <ClCompile Include="..\engine\dbc\sc_item_data.cpp">
      <Filter>Source Files</Filter>
    </ClCompile>
    <ClCompile Include="..\engine\dbc\sc_data.cpp">
      <Filter>Source Files</Filter>
    </ClCompile>
    <ClCompile Include="..\engine\dbc\sc_const_data.cpp">
      <Filter>Source Files</Filter>
    </ClCompile>
    <ClCompile Include="..\engine\class_modules\sc_warrior.cpp">
      <Filter>Source Files</Filter>
    </ClCompile>
    <ClCompile Include="..\engine\class_modules\warlock\sc_warlock.cpp">
      <Filter>Source Files</Filter>
    </ClCompile>
    <ClCompile Include="..\engine\class_modules\warlock\sc_warlock_affliction.cpp">
      <Filter>Source Files</Filter>
    </ClCompile>
    <ClCompile Include="..\engine\class_modules\warlock\sc_warlock_demonology.cpp">
      <Filter>Source Files</Filter>
    </ClCompile>
    <ClCompile Include="..\engine\class_modules\warlock\sc_warlock_destruction.cpp">
      <Filter>Source Files</Filter>
    </ClCompile>
    <ClCompile Include="..\engine\class_modules\warlock\sc_warlock_pets.cpp">
      <Filter>Source Files</Filter>
    </ClCompile>
    <ClCompile Include="..\engine\class_modules\sc_shaman.cpp">
      <Filter>Source Files</Filter>
    </ClCompile>
    <ClCompile Include="..\engine\class_modules\sc_rogue.cpp">
      <Filter>Source Files</Filter>
    </ClCompile>
    <ClCompile Include="..\engine\class_modules\priest\sc_priest.cpp">
      <Filter>Source Files</Filter>
    </ClCompile>
    <ClCompile Include="..\engine\class_modules\priest\sc_priest_discipline.cpp">
      <Filter>Source Files</Filter>
    </ClCompile>
    <ClCompile Include="..\engine\class_modules\priest\sc_priest_holy.cpp">
      <Filter>Source Files</Filter>
    </ClCompile>
    <ClCompile Include="..\engine\class_modules\priest\sc_priest_shadow.cpp">
      <Filter>Source Files</Filter>
    </ClCompile>
    <ClCompile Include="..\engine\class_modules\paladin\sc_paladin.cpp">
      <Filter>Source Files</Filter>
    </ClCompile>
    <ClCompile Include="..\engine\class_modules\paladin\sc_paladin_retribution.cpp">
      <Filter>Source Files</Filter>
    </ClCompile>
    <ClCompile Include="..\engine\class_modules\paladin\sc_paladin_protection.cpp">
      <Filter>Source Files</Filter>
    </ClCompile>
    <ClCompile Include="..\engine\class_modules\paladin\sc_paladin_holy.cpp">
      <Filter>Source Files</Filter>
    </ClCompile>
    <ClCompile Include="..\engine\class_modules\sc_monk.cpp">
      <Filter>Source Files</Filter>
    </ClCompile>
    <ClCompile Include="..\engine\class_modules\sc_mage.cpp">
      <Filter>Source Files</Filter>
    </ClCompile>
    <ClCompile Include="..\engine\class_modules\sc_hunter.cpp">
      <Filter>Source Files</Filter>
    </ClCompile>
    <ClCompile Include="..\engine\class_modules\sc_enemy.cpp">
      <Filter>Source Files</Filter>
    </ClCompile>
    <ClCompile Include="..\engine\class_modules\sc_druid.cpp">
      <Filter>Source Files</Filter>
    </ClCompile>
    <ClCompile Include="..\engine\class_modules\sc_demon_hunter.cpp">
      <Filter>Source Files</Filter>
    </ClCompile>
    <ClCompile Include="..\engine\class_modules\sc_death_knight.cpp">
      <Filter>Source Files</Filter>
    </ClCompile>
    <ClCompile Include="..\engine\buff\sc_buff.cpp">
      <Filter>Source Files</Filter>
    </ClCompile>
    <ClCompile Include="..\engine\action\sc_stats.cpp">
      <Filter>Source Files</Filter>
    </ClCompile>
    <ClCompile Include="..\engine\action\sc_spell.cpp">
      <Filter>Source Files</Filter>
    </ClCompile>
    <ClCompile Include="..\engine\action\sc_dot.cpp">
      <Filter>Source Files</Filter>
    </ClCompile>
    <ClCompile Include="..\engine\action\sc_attack.cpp">
      <Filter>Source Files</Filter>
    </ClCompile>
    <ClCompile Include="..\engine\action\sc_action_state.cpp">
      <Filter>Source Files</Filter>
    </ClCompile>
    <ClCompile Include="..\engine\action\sc_action.cpp">
      <Filter>Source Files</Filter>
    </ClCompile>
    <ClCompile Include="..\engine\dbc\azerite.cpp">
      <Filter>Source Files</Filter>
    </ClCompile>
    <ClCompile Include="..\engine\sc_main.cpp">
      <Filter>Source Files</Filter>
    </ClCompile>
    <ClCompile Include="..\engine\action\absorb.cpp">
      <Filter>Source Files</Filter>
    </ClCompile>
    <ClCompile Include="..\engine\action\action_callback.cpp">
      <Filter>Source Files</Filter>
    </ClCompile>
    <ClCompile Include="..\engine\action\dbc_proc_callback.cpp">
      <Filter>Source Files</Filter>
    </ClCompile>
    <ClCompile Include="..\engine\action\heal.cpp">
      <Filter>Source Files</Filter>
    </ClCompile>
    <ClCompile Include="..\engine\action\residual_action.cpp">
      <Filter>Source Files</Filter>
    </ClCompile>
    <ClCompile Include="..\engine\action\sequence.cpp">
      <Filter>Source Files</Filter>
    </ClCompile>
    <ClCompile Include="..\engine\action\snapshot_stats.cpp">
      <Filter>Source Files</Filter>
    </ClCompile>
    <ClCompile Include="..\engine\action\variable.cpp">
      <Filter>Source Files</Filter>
    </ClCompile>
    <ClCompile Include="..\engine\dbc\gem_data.cpp">
      <Filter>Source Files</Filter>
    </ClCompile>
    <ClCompile Include="..\engine\dbc\item_armor.cpp">
      <Filter>Source Files</Filter>
    </ClCompile>
    <ClCompile Include="..\engine\dbc\item_bonus.cpp">
      <Filter>Source Files</Filter>
    </ClCompile>
    <ClCompile Include="..\engine\dbc\item_child.cpp">
      <Filter>Source Files</Filter>
    </ClCompile>
    <ClCompile Include="..\engine\dbc\item_data.cpp">
      <Filter>Source Files</Filter>
    </ClCompile>
    <ClCompile Include="..\engine\dbc\item_effect.cpp">
      <Filter>Source Files</Filter>
    </ClCompile>
    <ClCompile Include="..\engine\dbc\item_import.cpp">
      <Filter>Source Files</Filter>
    </ClCompile>
    <ClCompile Include="..\engine\dbc\item_import_ptr.cpp">
      <Filter>Source Files</Filter>
    </ClCompile>
    <ClCompile Include="..\engine\dbc\item_naming.cpp">
      <Filter>Source Files</Filter>
    </ClCompile>
    <ClCompile Include="..\engine\dbc\item_scaling.cpp">
      <Filter>Source Files</Filter>
    </ClCompile>
    <ClCompile Include="..\engine\dbc\item_weapon.cpp">
      <Filter>Source Files</Filter>
    </ClCompile>
    <ClCompile Include="..\engine\dbc\rand_prop_points.cpp">
      <Filter>Source Files</Filter>
    </ClCompile>
    <ClCompile Include="..\engine\dbc\spell_item_enchantment.cpp">
      <Filter>Source Files</Filter>
    </ClCompile>
    <ClCompile Include="..\engine\interfaces\bcp_api.cpp">
      <Filter>Source Files</Filter>
    </ClCompile>
    <ClCompile Include="..\engine\interfaces\sc_http_curl.cpp">
      <Filter>Source Files</Filter>
    </ClCompile>
    <ClCompile Include="..\engine\interfaces\sc_http_wininet.cpp">
      <Filter>Source Files</Filter>
    </ClCompile>
    <ClCompile Include="..\engine\interfaces\wowhead.cpp">
      <Filter>Source Files</Filter>
    </ClCompile>
    <ClCompile Include="..\engine\item\enchants.cpp">
      <Filter>Source Files</Filter>
    </ClCompile>
    <ClCompile Include="..\engine\item\item.cpp">
      <Filter>Source Files</Filter>
    </ClCompile>
    <ClCompile Include="..\engine\item\item_targetdata_initializer.cpp">
      <Filter>Source Files</Filter>
    </ClCompile>
    <ClCompile Include="..\engine\item\special_effect.cpp">
      <Filter>Source Files</Filter>
    </ClCompile>
    <ClCompile Include="..\engine\lib\fmt\format.cpp">
      <Filter>Source Files</Filter>
    </ClCompile>
    <ClCompile Include="..\engine\lib\fmt\os.cpp">
      <Filter>Source Files</Filter>
    </ClCompile>
    <ClCompile Include="..\engine\player\action_priority_list.cpp">
      <Filter>Source Files</Filter>
    </ClCompile>
    <ClCompile Include="..\engine\player\action_variable.cpp">
      <Filter>Source Files</Filter>
    </ClCompile>
    <ClCompile Include="..\engine\player\actor.cpp">
      <Filter>Source Files</Filter>
    </ClCompile>
    <ClCompile Include="..\engine\player\actor_target_data.cpp">
      <Filter>Source Files</Filter>
    </ClCompile>
    <ClCompile Include="..\engine\player\darkmoon_deck.cpp">
      <Filter>Source Files</Filter>
    </ClCompile>
    <ClCompile Include="..\engine\player\ground_aoe.cpp">
      <Filter>Source Files</Filter>
    </ClCompile>
    <ClCompile Include="..\engine\player\instant_absorb.cpp">
      <Filter>Source Files</Filter>
    </ClCompile>
    <ClCompile Include="..\engine\player\player_event.cpp">
      <Filter>Source Files</Filter>
    </ClCompile>
    <ClCompile Include="..\engine\player\player_stat_cache.cpp">
      <Filter>Source Files</Filter>
    </ClCompile>
    <ClCompile Include="..\engine\player\player_talent_points.cpp">
      <Filter>Source Files</Filter>
    </ClCompile>
    <ClCompile Include="..\engine\player\rating.cpp">
      <Filter>Source Files</Filter>
    </ClCompile>
    <ClCompile Include="..\engine\player\spawner_base.cpp">
      <Filter>Source Files</Filter>
    </ClCompile>
    <ClCompile Include="..\engine\player\target_specific.cpp">
      <Filter>Source Files</Filter>
    </ClCompile>
    <ClCompile Include="..\engine\player\unique_gear_bfa.cpp">
      <Filter>Source Files</Filter>
    </ClCompile>
    <ClCompile Include="..\engine\player\unique_gear_legion.cpp">
      <Filter>Source Files</Filter>
    </ClCompile>
    <ClCompile Include="..\engine\report\charts.cpp">
      <Filter>Source Files</Filter>
    </ClCompile>
    <ClCompile Include="..\engine\report\color.cpp">
      <Filter>Source Files</Filter>
    </ClCompile>
    <ClCompile Include="..\engine\report\decorators.cpp">
      <Filter>Source Files</Filter>
    </ClCompile>
    <ClCompile Include="..\engine\report\report_helper.cpp">
      <Filter>Source Files</Filter>
    </ClCompile>
    <ClCompile Include="..\engine\report\reports.cpp">
      <Filter>Source Files</Filter>
    </ClCompile>
    <ClCompile Include="..\engine\sim\artifact_power.cpp">
      <Filter>Source Files</Filter>
    </ClCompile>
    <ClCompile Include="..\engine\sim\event_manager.cpp">
      <Filter>Source Files</Filter>
    </ClCompile>
    <ClCompile Include="..\engine\sim\proc.cpp">
      <Filter>Source Files</Filter>
    </ClCompile>
    <ClCompile Include="..\engine\sim\real_ppm.cpp">
      <Filter>Source Files</Filter>
    </ClCompile>
    <ClCompile Include="..\engine\sim\scale_factor_control.cpp">
      <Filter>Source Files</Filter>
    </ClCompile>
    <ClCompile Include="..\engine\sim\shuffled_rng.cpp">
      <Filter>Source Files</Filter>
    </ClCompile>
    <ClCompile Include="..\engine\sim\uptime_benefit.cpp">
      <Filter>Source Files</Filter>
    </ClCompile>
    <ClCompile Include="..\engine\util\sample_data.cpp">
      <Filter>Source Files</Filter>
    </ClCompile>
    <ClCompile Include="..\engine\util\timeline.cpp">
      <Filter>Source Files</Filter>
    </ClCompile>
    <ClCompile Include="..\engine\util\util.cpp">
      <Filter>Source Files</Filter>
    </ClCompile>
  </ItemGroup>
  <ItemGroup>
    <ClInclude Include="..\engine\util\xml.hpp">
      <Filter>Header Files</Filter>
    </ClInclude>
    <ClInclude Include="..\engine\util\timeline.hpp">
      <Filter>Header Files</Filter>
    </ClInclude>
    <ClInclude Include="..\engine\util\stopwatch.hpp">
      <Filter>Header Files</Filter>
    </ClInclude>
    <ClInclude Include="..\engine\util\sc_resourcepaths.hpp">
      <Filter>Header Files</Filter>
    </ClInclude>
    <ClInclude Include="..\engine\util\sample_data.hpp">
      <Filter>Header Files</Filter>
    </ClInclude>
    <ClInclude Include="..\engine\util\rng.hpp">
      <Filter>Header Files</Filter>
    </ClInclude>
    <ClInclude Include="..\engine\util\io.hpp">
      <Filter>Header Files</Filter>
    </ClInclude>
    <ClInclude Include="..\engine\util\generic.hpp">
      <Filter>Header Files</Filter>
    </ClInclude>
    <ClInclude Include="..\engine\util\concurrency.hpp">
      <Filter>Header Files</Filter>
    </ClInclude>
    <ClInclude Include="..\engine\util\cache.hpp">
      <Filter>Header Files</Filter>
    </ClInclude>
    <ClInclude Include="..\engine\sim\x6_pantheon.hpp">
      <Filter>Header Files</Filter>
    </ClInclude>
    <ClInclude Include="..\engine\sim\sc_profileset.hpp">
      <Filter>Header Files</Filter>
    </ClInclude>
    <ClInclude Include="..\engine\sim\sc_option.hpp">
      <Filter>Header Files</Filter>
    </ClInclude>
    <ClInclude Include="..\engine\sim\sc_expressions.hpp">
      <Filter>Header Files</Filter>
    </ClInclude>
    <ClInclude Include="..\engine\player\artifact_data.hpp">
      <Filter>Header Files</Filter>
    </ClInclude>
    <ClInclude Include="..\engine\player\azerite_data.hpp">
      <Filter>Header Files</Filter>
    </ClInclude>
    <ClInclude Include="..\engine\player\pet_spawner.hpp">
      <Filter>Header Files</Filter>
    </ClInclude>
    <ClInclude Include="..\engine\player\unique_gear.hpp">
      <Filter>Header Files</Filter>
    </ClInclude>
    <ClInclude Include="..\engine\dbc\sc_spell_info.hpp">
      <Filter>Header Files</Filter>
    </ClInclude>
    <ClInclude Include="..\engine\dbc\specialization.hpp">
      <Filter>Header Files</Filter>
    </ClInclude>
    <ClInclude Include="..\engine\dbc\dbc.hpp">
      <Filter>Header Files</Filter>
    </ClInclude>
    <ClInclude Include="..\engine\simulationcraft.hpp">
      <Filter>Header Files</Filter>
    </ClInclude>
    <ClInclude Include="..\engine\sc_timespan.hpp">
      <Filter>Header Files</Filter>
    </ClInclude>
    <ClInclude Include="..\engine\sc_enums.hpp">
      <Filter>Header Files</Filter>
    </ClInclude>
    <ClInclude Include="..\engine\config.hpp">
      <Filter>Header Files</Filter>
    </ClInclude>
    <ClInclude Include="..\engine\dbc\data_enums.hh">
      <Filter>Header Files</Filter>
    </ClInclude>
    <ClInclude Include="..\engine\dbc\data_definitions.hh">
      <Filter>Header Files</Filter>
    </ClInclude>
    <ClInclude Include="..\engine\class_modules\paladin\sc_paladin.hpp">
      <Filter>Header Files</Filter>
    </ClInclude>
    <ClInclude Include="..\engine\class_modules\warlock\sc_warlock.hpp">
      <Filter>Header Files</Filter>
    </ClInclude>
    <ClInclude Include="..\engine\class_modules\priest\sc_priest.hpp">
      <Filter>Header Files</Filter>
    </ClInclude>
    <ClInclude Include="..\engine\action\absorb.hpp">
      <Filter>Header Files</Filter>
    </ClInclude>
    <ClInclude Include="..\engine\action\action_callback.hpp">
      <Filter>Header Files</Filter>
    </ClInclude>
    <ClInclude Include="..\engine\action\attack.hpp">
      <Filter>Header Files</Filter>
    </ClInclude>
    <ClInclude Include="..\engine\action\dbc_proc_callback.hpp">
      <Filter>Header Files</Filter>
    </ClInclude>
    <ClInclude Include="..\engine\action\dot.hpp">
      <Filter>Header Files</Filter>
    </ClInclude>
    <ClInclude Include="..\engine\action\heal.hpp">
      <Filter>Header Files</Filter>
    </ClInclude>
    <ClInclude Include="..\engine\action\residual_action.hpp">
      <Filter>Header Files</Filter>
    </ClInclude>
    <ClInclude Include="..\engine\action\sc_action.hpp">
      <Filter>Header Files</Filter>
    </ClInclude>
    <ClInclude Include="..\engine\action\sc_action_state.hpp">
      <Filter>Header Files</Filter>
    </ClInclude>
    <ClInclude Include="..\engine\action\sequence.hpp">
      <Filter>Header Files</Filter>
    </ClInclude>
    <ClInclude Include="..\engine\action\snapshot_stats.hpp">
      <Filter>Header Files</Filter>
    </ClInclude>
    <ClInclude Include="..\engine\action\spell.hpp">
      <Filter>Header Files</Filter>
    </ClInclude>
    <ClInclude Include="..\engine\action\spell_base.hpp">
      <Filter>Header Files</Filter>
    </ClInclude>
    <ClInclude Include="..\engine\action\variable.hpp">
      <Filter>Header Files</Filter>
    </ClInclude>
    <ClInclude Include="..\engine\buff\sc_buff.hpp">
      <Filter>Header Files</Filter>
    </ClInclude>
    <ClInclude Include="..\engine\class_modules\class_module.hpp">
      <Filter>Header Files</Filter>
    </ClInclude>
    <ClInclude Include="..\engine\class_modules\warlock\sc_warlock_pets.hpp">
      <Filter>Header Files</Filter>
    </ClInclude>
    <ClInclude Include="..\engine\dbc\azerite.hpp">
      <Filter>Header Files</Filter>
    </ClInclude>
    <ClInclude Include="..\engine\dbc\client_data.hpp">
      <Filter>Header Files</Filter>
    </ClInclude>
    <ClInclude Include="..\engine\dbc\gem_data.hpp">
      <Filter>Header Files</Filter>
    </ClInclude>
    <ClInclude Include="..\engine\dbc\item_armor.hpp">
      <Filter>Header Files</Filter>
    </ClInclude>
    <ClInclude Include="..\engine\dbc\item_bonus.hpp">
      <Filter>Header Files</Filter>
    </ClInclude>
    <ClInclude Include="..\engine\dbc\item_child.hpp">
      <Filter>Header Files</Filter>
    </ClInclude>
    <ClInclude Include="..\engine\dbc\item_data.hpp">
      <Filter>Header Files</Filter>
    </ClInclude>
    <ClInclude Include="..\engine\dbc\item_database.hpp">
      <Filter>Header Files</Filter>
    </ClInclude>
    <ClInclude Include="..\engine\dbc\item_effect.hpp">
      <Filter>Header Files</Filter>
    </ClInclude>
    <ClInclude Include="..\engine\dbc\item_import.hpp">
      <Filter>Header Files</Filter>
    </ClInclude>
    <ClInclude Include="..\engine\dbc\item_import_ptr.hpp">
      <Filter>Header Files</Filter>
    </ClInclude>
    <ClInclude Include="..\engine\dbc\item_naming.hpp">
      <Filter>Header Files</Filter>
    </ClInclude>
    <ClInclude Include="..\engine\dbc\item_scaling.hpp">
      <Filter>Header Files</Filter>
    </ClInclude>
    <ClInclude Include="..\engine\dbc\item_weapon.hpp">
      <Filter>Header Files</Filter>
    </ClInclude>
    <ClInclude Include="..\engine\dbc\rand_prop_points.hpp">
      <Filter>Header Files</Filter>
    </ClInclude>
    <ClInclude Include="..\engine\dbc\spell_item_enchantment.hpp">
      <Filter>Header Files</Filter>
    </ClInclude>
    <ClInclude Include="..\engine\dbc\spell_query\spell_data_expr.hpp">
      <Filter>Header Files</Filter>
    </ClInclude>
    <ClInclude Include="..\engine\interfaces\bcp_api.hpp">
      <Filter>Header Files</Filter>
    </ClInclude>
    <ClInclude Include="..\engine\interfaces\sc_http.hpp">
      <Filter>Header Files</Filter>
    </ClInclude>
    <ClInclude Include="..\engine\interfaces\sc_http_curl.hpp">
      <Filter>Header Files</Filter>
    </ClInclude>
    <ClInclude Include="..\engine\interfaces\sc_http_wininet.hpp">
      <Filter>Header Files</Filter>
    </ClInclude>
    <ClInclude Include="..\engine\interfaces\sc_js.hpp">
      <Filter>Header Files</Filter>
    </ClInclude>
    <ClInclude Include="..\engine\interfaces\wowhead.hpp">
      <Filter>Header Files</Filter>
    </ClInclude>
    <ClInclude Include="..\engine\item\enchants.hpp">
      <Filter>Header Files</Filter>
    </ClInclude>
    <ClInclude Include="..\engine\item\item.hpp">
      <Filter>Header Files</Filter>
    </ClInclude>
    <ClInclude Include="..\engine\item\item_targetdata_initializer.hpp">
      <Filter>Header Files</Filter>
    </ClInclude>
    <ClInclude Include="..\engine\item\special_effect.hpp">
      <Filter>Header Files</Filter>
    </ClInclude>
    <ClInclude Include="..\engine\lib\gsl-lite\gsl-lite.hpp">
      <Filter>Header Files</Filter>
    </ClInclude>
    <ClInclude Include="..\engine\lib\rapidxml\rapidxml.hpp">
      <Filter>Header Files</Filter>
    </ClInclude>
    <ClInclude Include="..\engine\lib\rapidxml\rapidxml_print.hpp">
      <Filter>Header Files</Filter>
    </ClInclude>
    <ClInclude Include="..\engine\lib\tcb\span.hpp">
      <Filter>Header Files</Filter>
    </ClInclude>
    <ClInclude Include="..\engine\player\action_priority_list.hpp">
      <Filter>Header Files</Filter>
    </ClInclude>
    <ClInclude Include="..\engine\player\action_variable.hpp">
      <Filter>Header Files</Filter>
    </ClInclude>
    <ClInclude Include="..\engine\player\actor.hpp">
      <Filter>Header Files</Filter>
    </ClInclude>
    <ClInclude Include="..\engine\player\actor_target_data.hpp">
      <Filter>Header Files</Filter>
    </ClInclude>
    <ClInclude Include="..\engine\player\assessor.hpp">
      <Filter>Header Files</Filter>
    </ClInclude>
    <ClInclude Include="..\engine\player\consumable.hpp">
      <Filter>Header Files</Filter>
    </ClInclude>
    <ClInclude Include="..\engine\player\darkmoon_deck.hpp">
      <Filter>Header Files</Filter>
    </ClInclude>
    <ClInclude Include="..\engine\player\effect_callbacks.hpp">
      <Filter>Header Files</Filter>
    </ClInclude>
    <ClInclude Include="..\engine\player\expansion_effects.hpp">
      <Filter>Header Files</Filter>
    </ClInclude>
    <ClInclude Include="..\engine\player\gear_stats.hpp">
      <Filter>Header Files</Filter>
    </ClInclude>
    <ClInclude Include="..\engine\player\ground_aoe.hpp">
      <Filter>Header Files</Filter>
    </ClInclude>
    <ClInclude Include="..\engine\player\instant_absorb.hpp">
      <Filter>Header Files</Filter>
    </ClInclude>
    <ClInclude Include="..\engine\player\pet.hpp">
      <Filter>Header Files</Filter>
    </ClInclude>
    <ClInclude Include="..\engine\player\pet_spawner_impl.hpp">
      <Filter>Header Files</Filter>
    </ClInclude>
    <ClInclude Include="..\engine\player\player_collected_data.hpp">
      <Filter>Header Files</Filter>
    </ClInclude>
    <ClInclude Include="..\engine\player\player_demise_event.hpp">
      <Filter>Header Files</Filter>
    </ClInclude>
    <ClInclude Include="..\engine\player\player_event.hpp">
      <Filter>Header Files</Filter>
    </ClInclude>
    <ClInclude Include="..\engine\player\player_processed_report_information.hpp">
      <Filter>Header Files</Filter>
    </ClInclude>
    <ClInclude Include="..\engine\player\player_resources.hpp">
      <Filter>Header Files</Filter>
    </ClInclude>
    <ClInclude Include="..\engine\player\player_scaling.hpp">
      <Filter>Header Files</Filter>
    </ClInclude>
    <ClInclude Include="..\engine\player\player_stat_cache.hpp">
      <Filter>Header Files</Filter>
    </ClInclude>
    <ClInclude Include="..\engine\player\player_talent_points.hpp">
      <Filter>Header Files</Filter>
    </ClInclude>
    <ClInclude Include="..\engine\player\rating.hpp">
      <Filter>Header Files</Filter>
    </ClInclude>
    <ClInclude Include="..\engine\player\sample_data_helper.hpp">
      <Filter>Header Files</Filter>
    </ClInclude>
    <ClInclude Include="..\engine\player\sc_actor_pair.hpp">
      <Filter>Header Files</Filter>
    </ClInclude>
    <ClInclude Include="..\engine\player\sc_player.hpp">
      <Filter>Header Files</Filter>
    </ClInclude>
    <ClInclude Include="..\engine\player\scaling_metric_data.hpp">
      <Filter>Header Files</Filter>
    </ClInclude>
    <ClInclude Include="..\engine\player\set_bonus.hpp">
      <Filter>Header Files</Filter>
    </ClInclude>
    <ClInclude Include="..\engine\player\spawner_base.hpp">
      <Filter>Header Files</Filter>
    </ClInclude>
    <ClInclude Include="..\engine\player\stats.hpp">
      <Filter>Header Files</Filter>
    </ClInclude>
    <ClInclude Include="..\engine\player\target_specific.hpp">
      <Filter>Header Files</Filter>
    </ClInclude>
    <ClInclude Include="..\engine\player\weapon.hpp">
      <Filter>Header Files</Filter>
    </ClInclude>
    <ClInclude Include="..\engine\report\charts.hpp">
      <Filter>Header Files</Filter>
    </ClInclude>
    <ClInclude Include="..\engine\report\color.hpp">
      <Filter>Header Files</Filter>
    </ClInclude>
    <ClInclude Include="..\engine\report\decorators.hpp">
      <Filter>Header Files</Filter>
    </ClInclude>
    <ClInclude Include="..\engine\report\gear_weights.hpp">
      <Filter>Header Files</Filter>
    </ClInclude>
    <ClInclude Include="..\engine\report\report_helper.hpp">
      <Filter>Header Files</Filter>
    </ClInclude>
    <ClInclude Include="..\engine\report\reports.hpp">
      <Filter>Header Files</Filter>
    </ClInclude>
    <ClInclude Include="..\engine\report\sc_highchart.hpp">
      <Filter>Header Files</Filter>
    </ClInclude>
    <ClInclude Include="..\engine\sim\artifact_power.hpp">
      <Filter>Header Files</Filter>
    </ClInclude>
    <ClInclude Include="..\engine\sim\benefit.hpp">
      <Filter>Header Files</Filter>
    </ClInclude>
    <ClInclude Include="..\engine\sim\event.hpp">
      <Filter>Header Files</Filter>
    </ClInclude>
    <ClInclude Include="..\engine\sim\event_manager.hpp">
      <Filter>Header Files</Filter>
    </ClInclude>
    <ClInclude Include="..\engine\sim\gain.hpp">
      <Filter>Header Files</Filter>
    </ClInclude>
    <ClInclude Include="..\engine\sim\iteration_data_entry.hpp">
      <Filter>Header Files</Filter>
    </ClInclude>
    <ClInclude Include="..\engine\sim\plot.hpp">
      <Filter>Header Files</Filter>
    </ClInclude>
    <ClInclude Include="..\engine\sim\proc.hpp">
      <Filter>Header Files</Filter>
    </ClInclude>
    <ClInclude Include="..\engine\sim\progress_bar.hpp">
      <Filter>Header Files</Filter>
    </ClInclude>
    <ClInclude Include="..\engine\sim\raid_event.hpp">
      <Filter>Header Files</Filter>
    </ClInclude>
    <ClInclude Include="..\engine\sim\real_ppm.hpp">
      <Filter>Header Files</Filter>
    </ClInclude>
    <ClInclude Include="..\engine\sim\reforge_plot.hpp">
      <Filter>Header Files</Filter>
    </ClInclude>
    <ClInclude Include="..\engine\sim\sc_cooldown.hpp">
      <Filter>Header Files</Filter>
    </ClInclude>
    <ClInclude Include="..\engine\sim\sc_sim.hpp">
      <Filter>Header Files</Filter>
    </ClInclude>
    <ClInclude Include="..\engine\sim\scale_factor_control.hpp">
      <Filter>Header Files</Filter>
    </ClInclude>
    <ClInclude Include="..\engine\sim\shuffled_rng.hpp">
      <Filter>Header Files</Filter>
    </ClInclude>
    <ClInclude Include="..\engine\sim\sim_control.hpp">
      <Filter>Header Files</Filter>
    </ClInclude>
    <ClInclude Include="..\engine\sim\sim_ostream.hpp">
      <Filter>Header Files</Filter>
    </ClInclude>
    <ClInclude Include="..\engine\sim\uptime.hpp">
      <Filter>Header Files</Filter>
    </ClInclude>
    <ClInclude Include="..\engine\util\git_info.hpp">
      <Filter>Header Files</Filter>
    </ClInclude>
    <ClInclude Include="..\engine\util\plot_data.hpp">
      <Filter>Header Files</Filter>
    </ClInclude>
    <ClInclude Include="..\engine\util\scoped_callback.hpp">
      <Filter>Header Files</Filter>
    </ClInclude>
    <ClInclude Include="..\engine\util\span.hpp">
      <Filter>Header Files</Filter>
    </ClInclude>
    <ClInclude Include="..\engine\util\util.hpp">
      <Filter>Header Files</Filter>
    </ClInclude>
    <ClInclude Include="..\engine\util\vector_with_callback.hpp">
      <Filter>Header Files</Filter>
    </ClInclude>
  </ItemGroup>
</Project>